// !$*UTF8*$!
{
	archiveVersion = 1;
	classes = {
	};
	objectVersion = 46;
	objects = {
/* Begin PBXBuildFile section */
		0207DA581B56EA530066E2B4 /* Images.xcassets in Resources */ = {isa = PBXBuildFile; fileRef = 0207DA571B56EA530066E2B4 /* Images.xcassets */; };
		1D3623260D0F684500981E51 /* AppDelegate.m in Sources */ = {isa = PBXBuildFile; fileRef = 1D3623250D0F684500981E51 /* AppDelegate.m */; };
		1D60589B0D05DD56006BFB54 /* main.m in Sources */ = {isa = PBXBuildFile; fileRef = 29B97316FDCFA39411CA2CEA /* main.m */; };
		301BF552109A68D80062928A /* libCordova.a in Frameworks */ = {isa = PBXBuildFile; fileRef = 301BF535109A57CC0062928A /* libCordova.a */; };
		302D95F114D2391D003F00A1 /* MainViewController.m in Sources */ = {isa = PBXBuildFile; fileRef = 302D95EF14D2391D003F00A1 /* MainViewController.m */; };
		302D95F214D2391D003F00A1 /* MainViewController.xib in Resources */ = {isa = PBXBuildFile; fileRef = 302D95F014D2391D003F00A1 /* MainViewController.xib */; };
		3047A5121AB8059700498E2A /* build-debug.xcconfig in Resources */ = {isa = PBXBuildFile; fileRef = 3047A50F1AB8059700498E2A /* build-debug.xcconfig */; };
		3047A5131AB8059700498E2A /* build-release.xcconfig in Resources */ = {isa = PBXBuildFile; fileRef = 3047A5101AB8059700498E2A /* build-release.xcconfig */; };
		3047A5141AB8059700498E2A /* build.xcconfig in Resources */ = {isa = PBXBuildFile; fileRef = 3047A5111AB8059700498E2A /* build.xcconfig */; };
		6AFF5BF91D6E424B00AB3073 /* CDVLaunchScreen.storyboard in Resources */ = {isa = PBXBuildFile; fileRef = 6AFF5BF81D6E424B00AB3073 /* CDVLaunchScreen.storyboard */; };
		DBF02743B060403B8F919C29 /* CDVWKWebViewEngine.m in Sources */ = {isa = PBXBuildFile; fileRef = 58AF711435044628B9FA9209 /* CDVWKWebViewEngine.m */; };
		A87A22CF235947EE96DBB01D /* CDVWKWebViewUIDelegate.m in Sources */ = {isa = PBXBuildFile; fileRef = DE924951D76C482291DC95E9 /* CDVWKWebViewUIDelegate.m */; };
		92E504112FD54CD3A752A05A /* CDVWKProcessPoolFactory.m in Sources */ = {isa = PBXBuildFile; fileRef = 865B03E376FF4E2C9C9BBCED /* CDVWKProcessPoolFactory.m */; };
		D22F6A61B43143BD962B1305 /* GCDWebServer.m in Sources */ = {isa = PBXBuildFile; fileRef = B206F8CADFE14C08930E816E /* GCDWebServer.m */; };
		AAC94BA7C3AC4AE3B14617BD /* GCDWebServerConnection.m in Sources */ = {isa = PBXBuildFile; fileRef = CB8B2A82573D47979A3196C4 /* GCDWebServerConnection.m */; };
		8FAE97C033BC4454845B21AF /* GCDWebServerFunctions.m in Sources */ = {isa = PBXBuildFile; fileRef = 8B4DD37DB5F344B89A4AAABB /* GCDWebServerFunctions.m */; };
		6DAF38EFEA2A4645927A56E6 /* GCDWebServerRequest.m in Sources */ = {isa = PBXBuildFile; fileRef = 2BB0FC9CA8E74571822CAF3D /* GCDWebServerRequest.m */; };
		320B7B170CD841829D65119E /* GCDWebServerResponse.m in Sources */ = {isa = PBXBuildFile; fileRef = 0137B9B377FF4BCAB2AEDF0F /* GCDWebServerResponse.m */; };
		5A7006041B4E46BBB1C67015 /* GCDWebServerDataRequest.m in Sources */ = {isa = PBXBuildFile; fileRef = 54ECFC5222734ECF99C27604 /* GCDWebServerDataRequest.m */; };
		1F015262CC714327BAF6103E /* GCDWebServerFileRequest.m in Sources */ = {isa = PBXBuildFile; fileRef = 71A669784706494FB05E3993 /* GCDWebServerFileRequest.m */; };
		2F285861FC3544929F62132C /* GCDWebServerMultiPartFormRequest.m in Sources */ = {isa = PBXBuildFile; fileRef = C3F8B0CB35E24A2CB8479E97 /* GCDWebServerMultiPartFormRequest.m */; };
		27A9660D70C6416B824E83B3 /* GCDWebServerURLEncodedFormRequest.m in Sources */ = {isa = PBXBuildFile; fileRef = 850BAD91218B4D62A654C221 /* GCDWebServerURLEncodedFormRequest.m */; };
		5597061444394ED19F2260F2 /* GCDWebServerDataResponse.m in Sources */ = {isa = PBXBuildFile; fileRef = EC1EA70D86A3484EA1F6CA53 /* GCDWebServerDataResponse.m */; };
		509C885623B54CBABCDCD632 /* GCDWebServerErrorResponse.m in Sources */ = {isa = PBXBuildFile; fileRef = 8F74F73A99D04B6D8E287937 /* GCDWebServerErrorResponse.m */; };
		AE0092214C384CF9962CE4FF /* GCDWebServerFileResponse.m in Sources */ = {isa = PBXBuildFile; fileRef = EFD86E9AE6614CA8BD49DA0C /* GCDWebServerFileResponse.m */; };
		34F8D8D404864DAFB50A00A7 /* GCDWebServerStreamedResponse.m in Sources */ = {isa = PBXBuildFile; fileRef = B195C88750FC442F8BBFB2AA /* GCDWebServerStreamedResponse.m */; };
		844601AE02D347969AE6F868 /* WebKit.framework in Frameworks */ = {isa = PBXBuildFile; fileRef = 84FFDEF3060B4D43A5C7D16E /* WebKit.framework */; settings = {ATTRIBUTES = (Weak, ); }; };
		7D31E9B42BAD494A87C8DFD6 /* libz.tbd in Frameworks */ = {isa = PBXBuildFile; fileRef = 2477B3FDCCFF4D70A9CD65EE /* libz.tbd */; };
		C6303EF44335404B97089826 /* CDVDevice.m in Sources */ = {isa = PBXBuildFile; fileRef = 2615CA63DD6745639455D10B /* CDVDevice.m */; };
		C889BD5ABC4A48259242878C /* IonicKeyboard.m in Sources */ = {isa = PBXBuildFile; fileRef = 1FD384AC9CCA4EB98B872D9D /* IonicKeyboard.m */; };
		D32BF76966C9402BA2828A2E /* CDVSplashScreen.m in Sources */ = {isa = PBXBuildFile; fileRef = C0047644BCA14C709585BB62 /* CDVSplashScreen.m */; };
		960FF4F3614C4A0B95DA01D2 /* CDVViewController+SplashScreen.m in Sources */ = {isa = PBXBuildFile; fileRef = EBFD11C779AF438398FB22F8 /* CDVViewController+SplashScreen.m */; };
		7D88F7BF57B842A0BB5BC081 /* GCDWebServer.framework in Frameworks */ = {isa = PBXBuildFile; fileRef = 2D5162075DA5499D93F57EB8 /* GCDWebServer.framework */; };
		729124042E3E48B8AC532C4C /* libz.dylib in Frameworks */ = {isa = PBXBuildFile; fileRef = 21C5710B64874EE890F07E47 /* libz.dylib */; };
		BFB41D5B761744CCB398BB86 /* CFNetwork.framework in Frameworks */ = {isa = PBXBuildFile; fileRef = D1E354A18F184F219FCC7548 /* CFNetwork.framework */; };
		2BD26D65043C4B0C84D242DF /* SystemConfiguration.framework in Frameworks */ = {isa = PBXBuildFile; fileRef = A659BC98EA9549DD99FC5872 /* SystemConfiguration.framework */; };
		BFFA7216C5CD4AFA89AE8646 /* MyMainViewController.m in Sources */ = {isa = PBXBuildFile; fileRef = 51E25CAD682B46FE971C327A /* MyMainViewController.m */; };
		9727EA6A1F1E4A69AA479579 /* AppDelegate+WKWebViewPolyfill.m in Sources */ = {isa = PBXBuildFile; fileRef = 207EF0A43C114235B2613C70 /* AppDelegate+WKWebViewPolyfill.m */; };
		BBB169D11CF4407C9646F776 /* ReroutingUIWebView.m in Sources */ = {isa = PBXBuildFile; fileRef = 37C4810FDB9143BFA3169BCB /* ReroutingUIWebView.m */; };
		1E5B76C328A7425EA21EE30B /* CDVWebViewOperationsDelegate.m in Sources */ = {isa = PBXBuildFile; fileRef = 817CEDCADE124F32A4381C0F /* CDVWebViewOperationsDelegate.m */; };
		1800C65051DB43828E74DB08 /* CDVWebViewUIDelegate.m in Sources */ = {isa = PBXBuildFile; fileRef = E2DA778A33E44FE786ABAF5E /* CDVWebViewUIDelegate.m */; };
		CCFE42BE98D849258109C9EF /* CDVFile.m in Sources */ = {isa = PBXBuildFile; fileRef = 6FD9A6535BCD4DA2B73DF267 /* CDVFile.m */; };
		D1B39889277C4E2AB9601D79 /* CDVLocalFilesystem.m in Sources */ = {isa = PBXBuildFile; fileRef = 97BC54D03B4B4E84A7447086 /* CDVLocalFilesystem.m */; };
		16273410C7384A6CA70F77E5 /* CDVAssetLibraryFilesystem.m in Sources */ = {isa = PBXBuildFile; fileRef = 1A4454B1C689439C89050A77 /* CDVAssetLibraryFilesystem.m */; };
		D5B0DDA5944C423EB7A159A4 /* CordovaHttpPlugin.m in Sources */ = {isa = PBXBuildFile; fileRef = 72DBBACE27014F1DAEA04F44 /* CordovaHttpPlugin.m */; };
		696EEE0326CC453C89399A3A /* TextResponseSerializer.m in Sources */ = {isa = PBXBuildFile; fileRef = 550CDC0DBF634E298E7B7CE5 /* TextResponseSerializer.m */; };
		2C08CE51BF504B9FA2C9E3B1 /* TextRequestSerializer.m in Sources */ = {isa = PBXBuildFile; fileRef = 8E20B7BF554F4DBCB16201CE /* TextRequestSerializer.m */; };
		9FFE348445534223A7888637 /* AFHTTPSessionManager.m in Sources */ = {isa = PBXBuildFile; fileRef = B3CAE8D475814D57BC627910 /* AFHTTPSessionManager.m */; };
		805AB63204BE4D9381B6CC48 /* AFNetworkReachabilityManager.m in Sources */ = {isa = PBXBuildFile; fileRef = CB00207806A64908800E29F6 /* AFNetworkReachabilityManager.m */; };
		0CBD2D4CB61644D2B22C8A80 /* AFSecurityPolicy.m in Sources */ = {isa = PBXBuildFile; fileRef = 26FC136878C544E88F5257BB /* AFSecurityPolicy.m */; };
		A4B1DB7CB4E44671AAD4A080 /* AFURLRequestSerialization.m in Sources */ = {isa = PBXBuildFile; fileRef = 95D0D07A0F454CBC965C42B3 /* AFURLRequestSerialization.m */; };
		6CDEED7BF89448C38069D560 /* AFURLResponseSerialization.m in Sources */ = {isa = PBXBuildFile; fileRef = CFE100DFACB24B918021A0D8 /* AFURLResponseSerialization.m */; };
		0CA165602BD94B9F917143D4 /* AFURLSessionManager.m in Sources */ = {isa = PBXBuildFile; fileRef = BDC100245C374004B24D1C10 /* AFURLSessionManager.m */; };
		040D864510AD4ACF9BF225F4 /* SDNetworkActivityIndicator.m in Sources */ = {isa = PBXBuildFile; fileRef = 0C690874A3364BC0A1CB09B9 /* SDNetworkActivityIndicator.m */; };
		A863F2B77BD54BEA8E5868CD /* Security.framework in Frameworks */ = {isa = PBXBuildFile; fileRef = 8EED9DDFAAFC44D3A8FC6A11 /* Security.framework */; };
		211981EFF8F845729D0BF4BD /* CDVStatusBar.m in Sources */ = {isa = PBXBuildFile; fileRef = 1B2D90C6AA6248CCB3D6E845 /* CDVStatusBar.m */; };
		EFA764169EB3481BB3B46B0E /* PluginObjects.m in Sources */ = {isa = PBXBuildFile; fileRef = AC6B0B47FB334C41905BACD7 /* PluginObjects.m */; };
		CD8C5A37BB0E40E998811D47 /* PluginCircle.m in Sources */ = {isa = PBXBuildFile; fileRef = D21B0D4532BE4F6DB42572E0 /* PluginCircle.m */; };
		65DF06E24F3E40EB8BAFF0CB /* PluginGeocoder.m in Sources */ = {isa = PBXBuildFile; fileRef = E735B46B99E347C2B2A0C5DE /* PluginGeocoder.m */; };
		E51F432B2C61496DB5719ED1 /* PluginLocationService.m in Sources */ = {isa = PBXBuildFile; fileRef = ACBC6D1EABD44BB89EF0792F /* PluginLocationService.m */; };
		42D5729E64A544E8B2589B06 /* PluginEnvironment.m in Sources */ = {isa = PBXBuildFile; fileRef = 15B273550EC546189E8910DE /* PluginEnvironment.m */; };
		22033C4FD2BC4A45A3F69AE7 /* CordovaGoogleMaps.m in Sources */ = {isa = PBXBuildFile; fileRef = 32498E6C159A46C0833E3534 /* CordovaGoogleMaps.m */; };
		E6907DCFC068482DBDDF5474 /* PluginMapViewController.m in Sources */ = {isa = PBXBuildFile; fileRef = A53A69013CBC4BD9A3275868 /* PluginMapViewController.m */; };
		E35EF5B127E5454CBD1E2946 /* PluginGroundOverlay.m in Sources */ = {isa = PBXBuildFile; fileRef = 38E7910BFEFC4A63AC675FA6 /* PluginGroundOverlay.m */; };
		BF37729231D544A8909D2119 /* PluginKmlOverlay.m in Sources */ = {isa = PBXBuildFile; fileRef = 4C4E3D3BD0CE4CC187726853 /* PluginKmlOverlay.m */; };
		78A63CD9E27244B88A252E84 /* PluginMap.m in Sources */ = {isa = PBXBuildFile; fileRef = D3F4CB84D2C644B7935CD502 /* PluginMap.m */; };
		FF616A171D8345FFA45E0ACC /* PluginMarker.m in Sources */ = {isa = PBXBuildFile; fileRef = 0E774150596F424A9076338D /* PluginMarker.m */; };
		9A56155EBA8942FDAD3E8D35 /* PluginUtil.m in Sources */ = {isa = PBXBuildFile; fileRef = 0AC01BF648F3411BAD96F364 /* PluginUtil.m */; };
		1372EA2D8C804C9980EA3D34 /* PluginPolygon.m in Sources */ = {isa = PBXBuildFile; fileRef = 21A6ADB8FFBC4F2E8BAEB90B /* PluginPolygon.m */; };
		EA45116094034E1BBEF2F02C /* PluginPolyline.m in Sources */ = {isa = PBXBuildFile; fileRef = F681EB6D7EF74E3DABCF3504 /* PluginPolyline.m */; };
		139BBD7979A2446B88B04A07 /* PluginTileProvider.m in Sources */ = {isa = PBXBuildFile; fileRef = D7D706370B84454BA0C4F833 /* PluginTileProvider.m */; };
		2ADF70847D414BF382D000F5 /* TBXML.m in Sources */ = {isa = PBXBuildFile; fileRef = 88A363000A954B7CA352555F /* TBXML.m */; };
		EBA16CE105554EE7A0BD7E57 /* PluginTileOverlay.m in Sources */ = {isa = PBXBuildFile; fileRef = C0B8056F2D364455AB836F36 /* PluginTileOverlay.m */; };
		0BEAC1EFB7DB479C8E4A316E /* NSData+Base64.m in Sources */ = {isa = PBXBuildFile; fileRef = 7666273091684821A962E0ED /* NSData+Base64.m */; };
		E9163FC14CE54E74B0A5B63E /* GMSCoordinateBounds+Geometry.m in Sources */ = {isa = PBXBuildFile; fileRef = 6F785531D4D742C38E9E97A8 /* GMSCoordinateBounds+Geometry.m */; };
		54BE86D90BF442C9B256D758 /* MyPluginLayer.m in Sources */ = {isa = PBXBuildFile; fileRef = C63112557B5941DB8990FA28 /* MyPluginLayer.m */; };
		3170522AD22C46EBA101A769 /* MyPluginScrollView.m in Sources */ = {isa = PBXBuildFile; fileRef = E35A8440797D4734ADDF68D3 /* MyPluginScrollView.m */; };
		94DBFD2DC17641BAAFE4B73D /* PluginMarkerCluster.m in Sources */ = {isa = PBXBuildFile; fileRef = 7FC4B8A827144F9D90E798DE /* PluginMarkerCluster.m */; };
		0A4108FA121D411FA432F06E /* UIImageCache.m in Sources */ = {isa = PBXBuildFile; fileRef = A979C91B8E06429EA2238A86 /* UIImageCache.m */; };
		98A4B183216E4E92AE628A6C /* PluginStreetViewPanorama.m in Sources */ = {isa = PBXBuildFile; fileRef = 2CAE1618DA6B4FC8A5007E08 /* PluginStreetViewPanorama.m */; };
		ADE4A20862654A62B4350260 /* PluginStreetViewPanoramaController.m in Sources */ = {isa = PBXBuildFile; fileRef = 84582F54B11649EEA598B07C /* PluginStreetViewPanoramaController.m */; };
		76ED769C448B4380A2144526 /* PluginViewController.m in Sources */ = {isa = PBXBuildFile; fileRef = 20EAFC8DC4944D5E9D1F0182 /* PluginViewController.m */; };
		3ACA1105380E4E7998CB6506 /* pgm_Localizable_en.json in Resources */ = {isa = PBXBuildFile; fileRef = F32F5365C5FE4C1C951E4780 /* pgm_Localizable_en.json */; };
		EAAFD5C5C3344BF1B36A1579 /* pgm_Localizable_ja.json in Resources */ = {isa = PBXBuildFile; fileRef = C1A6B204401945B5A51006A6 /* pgm_Localizable_ja.json */; };
		17791471BDC04EF8BA309FD9 /* pgm_Localizable_ru.json in Resources */ = {isa = PBXBuildFile; fileRef = 476B7876516F4016B43E2668 /* pgm_Localizable_ru.json */; };
		2AB617091C59406293DCE510 /* pgm_Localizable_uk.json in Resources */ = {isa = PBXBuildFile; fileRef = 32BC2260FE4F4FB4837300F9 /* pgm_Localizable_uk.json */; };
		352377E42ED149A19534C29D /* pgm_Localizable_pt-BR.json in Resources */ = {isa = PBXBuildFile; fileRef = ECDA31A42B9D4CEB91FBBDC6 /* pgm_Localizable_pt-BR.json */; };
		89A9220E42894FDC89A56A16 /* pgm_Localizable_de.json in Resources */ = {isa = PBXBuildFile; fileRef = 2B01FF3572624052ACDDB9BE /* pgm_Localizable_de.json */; };
		20E337EA75C94B879D602C7E /* pgm_Localizable_fr.json in Resources */ = {isa = PBXBuildFile; fileRef = 45E9F2DB3BEC4F8CADF5CC68 /* pgm_Localizable_fr.json */; };
		E024ABFA82C44930A80A471E /* pgm_Localizable_hi.json in Resources */ = {isa = PBXBuildFile; fileRef = 716F0DE9B3F7458BABB5461C /* pgm_Localizable_hi.json */; };
		18E793D7DAE94BE5B9ABB2FE /* pgm_Localizable_ar.json in Resources */ = {isa = PBXBuildFile; fileRef = 8963C413FBF74E82AFA0928A /* pgm_Localizable_ar.json */; };
		99FFCE43B97F46769443A5E6 /* pgm_Localizable_nl.json in Resources */ = {isa = PBXBuildFile; fileRef = 0ACC76BCF7274ABA8DC2C36A /* pgm_Localizable_nl.json */; };
		A78329C7112A4E87902DF464 /* pgm_Localizable_pl.json in Resources */ = {isa = PBXBuildFile; fileRef = BC0272A92529485FAEA8B959 /* pgm_Localizable_pl.json */; };
		128C3CC414054909A7E4B226 /* pgm_Localizable_da.json in Resources */ = {isa = PBXBuildFile; fileRef = EB2444CB24E144A990D4048B /* pgm_Localizable_da.json */; };
		19339A1AF7374C3687605DEA /* pgm_Localizable_vi.json in Resources */ = {isa = PBXBuildFile; fileRef = 4A302721019F442F9229DC81 /* pgm_Localizable_vi.json */; };
		3381AC82A3D2472DA3A90EE1 /* CDVLocation.m in Sources */ = {isa = PBXBuildFile; fileRef = 2BB97D08E0B54FF788345FAC /* CDVLocation.m */; };
		8E40AF5F05864B06A6041C6D /* CoreLocation.framework in Frameworks */ = {isa = PBXBuildFile; fileRef = 99FD6506665B4D5584512FAE /* CoreLocation.framework */; };
/* End PBXBuildFile section */

/* Begin PBXContainerItemProxy section */
		301BF534109A57CC0062928A /* PBXContainerItemProxy */ = {
			isa = PBXContainerItemProxy;
			containerPortal = 301BF52D109A57CC0062928A /* CordovaLib.xcodeproj */;
			proxyType = 2;
			remoteGlobalIDString = D2AAC07E0554694100DB518D;
			remoteInfo = CordovaLib;
		};
		301BF550109A68C00062928A /* PBXContainerItemProxy */ = {
			isa = PBXContainerItemProxy;
			containerPortal = 301BF52D109A57CC0062928A /* CordovaLib.xcodeproj */;
			proxyType = 1;
			remoteGlobalIDString = D2AAC07D0554694100DB518D;
			remoteInfo = CordovaLib;
		};
/* End PBXContainerItemProxy section */

/* Begin PBXFileReference section */
		0207DA571B56EA530066E2B4 /* Images.xcassets */ = {isa = PBXFileReference; lastKnownFileType = folder.assetcatalog; name = Images.xcassets; path = "Asambleas/Images.xcassets"; sourceTree = SOURCE_ROOT; };
		1D3623240D0F684500981E51 /* AppDelegate.h */ = {isa = PBXFileReference; fileEncoding = 4; lastKnownFileType = sourcecode.c.h; path = AppDelegate.h; sourceTree = "<group>"; };
		1D3623250D0F684500981E51 /* AppDelegate.m */ = {isa = PBXFileReference; fileEncoding = 4; lastKnownFileType = sourcecode.c.objc; path = AppDelegate.m; sourceTree = "<group>"; };
		1D6058910D05DD3D006BFB54 /* Asambleas.app */ = {isa = PBXFileReference; explicitFileType = wrapper.application; includeInIndex = 0; path = "Asambleas.app"; sourceTree = BUILT_PRODUCTS_DIR; };
		29B97316FDCFA39411CA2CEA /* main.m */ = {isa = PBXFileReference; fileEncoding = 4; lastKnownFileType = sourcecode.c.objc; path = main.m; sourceTree = "<group>"; };
		301BF52D109A57CC0062928A /* CordovaLib.xcodeproj */ = {isa = PBXFileReference; lastKnownFileType = "wrapper.pb-project"; path = CordovaLib/CordovaLib.xcodeproj; sourceTree = "<group>"; };
		301BF56E109A69640062928A /* www */ = {isa = PBXFileReference; lastKnownFileType = folder; path = www; sourceTree = SOURCE_ROOT; };
		302D95EE14D2391D003F00A1 /* MainViewController.h */ = {isa = PBXFileReference; fileEncoding = 4; lastKnownFileType = sourcecode.c.h; path = MainViewController.h; sourceTree = "<group>"; };
		302D95EF14D2391D003F00A1 /* MainViewController.m */ = {isa = PBXFileReference; fileEncoding = 4; lastKnownFileType = sourcecode.c.objc; path = MainViewController.m; sourceTree = "<group>"; };
		302D95F014D2391D003F00A1 /* MainViewController.xib */ = {isa = PBXFileReference; fileEncoding = 4; lastKnownFileType = file.xib; path = MainViewController.xib; sourceTree = "<group>"; };
		3047A50F1AB8059700498E2A /* build-debug.xcconfig */ = {isa = PBXFileReference; fileEncoding = 4; lastKnownFileType = text.xcconfig; name = "build-debug.xcconfig"; path = cordova/build-debug.xcconfig; sourceTree = SOURCE_ROOT; };
		3047A5101AB8059700498E2A /* build-release.xcconfig */ = {isa = PBXFileReference; fileEncoding = 4; lastKnownFileType = text.xcconfig; name = "build-release.xcconfig"; path = cordova/build-release.xcconfig; sourceTree = SOURCE_ROOT; };
		3047A5111AB8059700498E2A /* build.xcconfig */ = {isa = PBXFileReference; fileEncoding = 4; lastKnownFileType = text.xcconfig; name = build.xcconfig; path = cordova/build.xcconfig; sourceTree = SOURCE_ROOT; };
		32CA4F630368D1EE00C91783 /* Asambleas-Prefix.pch */ = {isa = PBXFileReference; fileEncoding = 4; lastKnownFileType = sourcecode.c.h; path = "Asambleas-Prefix.pch"; sourceTree = "<group>"; };
		6AFF5BF81D6E424B00AB3073 /* CDVLaunchScreen.storyboard */ = {isa = PBXFileReference; fileEncoding = 4; lastKnownFileType = file.storyboard; name = CDVLaunchScreen.storyboard; path = "Asambleas/CDVLaunchScreen.storyboard"; sourceTree = SOURCE_ROOT; };
		8D1107310486CEB800E47090 /* Asambleas-Info.plist */ = {isa = PBXFileReference; fileEncoding = 4; lastKnownFileType = text.plist.xml; name = "Asambleas-Info.plist"; path = "Asambleas/Asambleas-Info.plist"; plistStructureDefinitionIdentifier = "com.apple.xcode.plist.structure-definition.iphone.info-plist"; sourceTree = SOURCE_ROOT; };
		EB87FDF31871DA8E0020F90C /* www */ = {isa = PBXFileReference; lastKnownFileType = folder; name = www; path = ../../www; sourceTree = "<group>"; };
		EB87FDF41871DAF40020F90C /* config.xml */ = {isa = PBXFileReference; lastKnownFileType = text.xml; name = config.xml; path = ../../config.xml; sourceTree = "<group>"; };
		F840E1F0165FE0F500CFE078 /* config.xml */ = {isa = PBXFileReference; lastKnownFileType = text.xml; name = config.xml; path = "Asambleas/config.xml"; sourceTree = "<group>"; };
		ED33DF2A687741AEAF9F8254 /* Bridging-Header.h */ = {isa = PBXFileReference; fileEncoding = 4; lastKnownFileType = sourcecode.c.h; name = "Bridging-Header.h"; path = "Bridging-Header.h"; sourceTree = "<group>"; };
		58AF711435044628B9FA9209 /* CDVWKWebViewEngine.m */ = {isa = PBXFileReference; name = "CDVWKWebViewEngine.m"; path = "cordova-plugin-ionic-webview/CDVWKWebViewEngine.m"; sourceTree = "<group>"; fileEncoding = 4; lastKnownFileType = sourcecode.c.objc; explicitFileType = undefined; includeInIndex = 0; };
		DE924951D76C482291DC95E9 /* CDVWKWebViewUIDelegate.m */ = {isa = PBXFileReference; name = "CDVWKWebViewUIDelegate.m"; path = "cordova-plugin-ionic-webview/CDVWKWebViewUIDelegate.m"; sourceTree = "<group>"; fileEncoding = 4; lastKnownFileType = sourcecode.c.objc; explicitFileType = undefined; includeInIndex = 0; };
		865B03E376FF4E2C9C9BBCED /* CDVWKProcessPoolFactory.m */ = {isa = PBXFileReference; name = "CDVWKProcessPoolFactory.m"; path = "cordova-plugin-ionic-webview/CDVWKProcessPoolFactory.m"; sourceTree = "<group>"; fileEncoding = 4; lastKnownFileType = sourcecode.c.objc; explicitFileType = undefined; includeInIndex = 0; };
		B206F8CADFE14C08930E816E /* GCDWebServer.m */ = {isa = PBXFileReference; name = "GCDWebServer.m"; path = "cordova-plugin-ionic-webview/GCDWebServer.m"; sourceTree = "<group>"; fileEncoding = 4; lastKnownFileType = sourcecode.c.objc; explicitFileType = undefined; includeInIndex = 0; };
		CB8B2A82573D47979A3196C4 /* GCDWebServerConnection.m */ = {isa = PBXFileReference; name = "GCDWebServerConnection.m"; path = "cordova-plugin-ionic-webview/GCDWebServerConnection.m"; sourceTree = "<group>"; fileEncoding = 4; lastKnownFileType = sourcecode.c.objc; explicitFileType = undefined; includeInIndex = 0; };
		8B4DD37DB5F344B89A4AAABB /* GCDWebServerFunctions.m */ = {isa = PBXFileReference; name = "GCDWebServerFunctions.m"; path = "cordova-plugin-ionic-webview/GCDWebServerFunctions.m"; sourceTree = "<group>"; fileEncoding = 4; lastKnownFileType = sourcecode.c.objc; explicitFileType = undefined; includeInIndex = 0; };
		2BB0FC9CA8E74571822CAF3D /* GCDWebServerRequest.m */ = {isa = PBXFileReference; name = "GCDWebServerRequest.m"; path = "cordova-plugin-ionic-webview/GCDWebServerRequest.m"; sourceTree = "<group>"; fileEncoding = 4; lastKnownFileType = sourcecode.c.objc; explicitFileType = undefined; includeInIndex = 0; };
		0137B9B377FF4BCAB2AEDF0F /* GCDWebServerResponse.m */ = {isa = PBXFileReference; name = "GCDWebServerResponse.m"; path = "cordova-plugin-ionic-webview/GCDWebServerResponse.m"; sourceTree = "<group>"; fileEncoding = 4; lastKnownFileType = sourcecode.c.objc; explicitFileType = undefined; includeInIndex = 0; };
		54ECFC5222734ECF99C27604 /* GCDWebServerDataRequest.m */ = {isa = PBXFileReference; name = "GCDWebServerDataRequest.m"; path = "cordova-plugin-ionic-webview/GCDWebServerDataRequest.m"; sourceTree = "<group>"; fileEncoding = 4; lastKnownFileType = sourcecode.c.objc; explicitFileType = undefined; includeInIndex = 0; };
		71A669784706494FB05E3993 /* GCDWebServerFileRequest.m */ = {isa = PBXFileReference; name = "GCDWebServerFileRequest.m"; path = "cordova-plugin-ionic-webview/GCDWebServerFileRequest.m"; sourceTree = "<group>"; fileEncoding = 4; lastKnownFileType = sourcecode.c.objc; explicitFileType = undefined; includeInIndex = 0; };
		C3F8B0CB35E24A2CB8479E97 /* GCDWebServerMultiPartFormRequest.m */ = {isa = PBXFileReference; name = "GCDWebServerMultiPartFormRequest.m"; path = "cordova-plugin-ionic-webview/GCDWebServerMultiPartFormRequest.m"; sourceTree = "<group>"; fileEncoding = 4; lastKnownFileType = sourcecode.c.objc; explicitFileType = undefined; includeInIndex = 0; };
		850BAD91218B4D62A654C221 /* GCDWebServerURLEncodedFormRequest.m */ = {isa = PBXFileReference; name = "GCDWebServerURLEncodedFormRequest.m"; path = "cordova-plugin-ionic-webview/GCDWebServerURLEncodedFormRequest.m"; sourceTree = "<group>"; fileEncoding = 4; lastKnownFileType = sourcecode.c.objc; explicitFileType = undefined; includeInIndex = 0; };
		EC1EA70D86A3484EA1F6CA53 /* GCDWebServerDataResponse.m */ = {isa = PBXFileReference; name = "GCDWebServerDataResponse.m"; path = "cordova-plugin-ionic-webview/GCDWebServerDataResponse.m"; sourceTree = "<group>"; fileEncoding = 4; lastKnownFileType = sourcecode.c.objc; explicitFileType = undefined; includeInIndex = 0; };
		8F74F73A99D04B6D8E287937 /* GCDWebServerErrorResponse.m */ = {isa = PBXFileReference; name = "GCDWebServerErrorResponse.m"; path = "cordova-plugin-ionic-webview/GCDWebServerErrorResponse.m"; sourceTree = "<group>"; fileEncoding = 4; lastKnownFileType = sourcecode.c.objc; explicitFileType = undefined; includeInIndex = 0; };
		EFD86E9AE6614CA8BD49DA0C /* GCDWebServerFileResponse.m */ = {isa = PBXFileReference; name = "GCDWebServerFileResponse.m"; path = "cordova-plugin-ionic-webview/GCDWebServerFileResponse.m"; sourceTree = "<group>"; fileEncoding = 4; lastKnownFileType = sourcecode.c.objc; explicitFileType = undefined; includeInIndex = 0; };
		B195C88750FC442F8BBFB2AA /* GCDWebServerStreamedResponse.m */ = {isa = PBXFileReference; name = "GCDWebServerStreamedResponse.m"; path = "cordova-plugin-ionic-webview/GCDWebServerStreamedResponse.m"; sourceTree = "<group>"; fileEncoding = 4; lastKnownFileType = sourcecode.c.objc; explicitFileType = undefined; includeInIndex = 0; };
		4B86DA54EE324A7EBC797D58 /* CDVWKWebViewEngine.h */ = {isa = PBXFileReference; name = "CDVWKWebViewEngine.h"; path = "cordova-plugin-ionic-webview/CDVWKWebViewEngine.h"; sourceTree = "<group>"; fileEncoding = 4; lastKnownFileType = sourcecode.c.h; explicitFileType = undefined; includeInIndex = 0; };
		D8565CD64E594A4586FDA9E9 /* CDVWKWebViewUIDelegate.h */ = {isa = PBXFileReference; name = "CDVWKWebViewUIDelegate.h"; path = "cordova-plugin-ionic-webview/CDVWKWebViewUIDelegate.h"; sourceTree = "<group>"; fileEncoding = 4; lastKnownFileType = sourcecode.c.h; explicitFileType = undefined; includeInIndex = 0; };
		945301A81A66431C97E85FC0 /* CDVWKProcessPoolFactory.h */ = {isa = PBXFileReference; name = "CDVWKProcessPoolFactory.h"; path = "cordova-plugin-ionic-webview/CDVWKProcessPoolFactory.h"; sourceTree = "<group>"; fileEncoding = 4; lastKnownFileType = sourcecode.c.h; explicitFileType = undefined; includeInIndex = 0; };
		0AD4EDA5657A488FA518A5BA /* GCDWebServer.h */ = {isa = PBXFileReference; name = "GCDWebServer.h"; path = "cordova-plugin-ionic-webview/GCDWebServer.h"; sourceTree = "<group>"; fileEncoding = 4; lastKnownFileType = sourcecode.c.h; explicitFileType = undefined; includeInIndex = 0; };
		F1FB0DF5C1E74B0CA03D9FC1 /* GCDWebServerConnection.h */ = {isa = PBXFileReference; name = "GCDWebServerConnection.h"; path = "cordova-plugin-ionic-webview/GCDWebServerConnection.h"; sourceTree = "<group>"; fileEncoding = 4; lastKnownFileType = sourcecode.c.h; explicitFileType = undefined; includeInIndex = 0; };
		7189E703E1214711A4FCF868 /* GCDWebServerFunctions.h */ = {isa = PBXFileReference; name = "GCDWebServerFunctions.h"; path = "cordova-plugin-ionic-webview/GCDWebServerFunctions.h"; sourceTree = "<group>"; fileEncoding = 4; lastKnownFileType = sourcecode.c.h; explicitFileType = undefined; includeInIndex = 0; };
		A427E3CF29CD488085D1F5C7 /* GCDWebServerHTTPStatusCodes.h */ = {isa = PBXFileReference; name = "GCDWebServerHTTPStatusCodes.h"; path = "cordova-plugin-ionic-webview/GCDWebServerHTTPStatusCodes.h"; sourceTree = "<group>"; fileEncoding = 4; lastKnownFileType = sourcecode.c.h; explicitFileType = undefined; includeInIndex = 0; };
		4B1A25E03054414CB38205E1 /* GCDWebServerPrivate.h */ = {isa = PBXFileReference; name = "GCDWebServerPrivate.h"; path = "cordova-plugin-ionic-webview/GCDWebServerPrivate.h"; sourceTree = "<group>"; fileEncoding = 4; lastKnownFileType = sourcecode.c.h; explicitFileType = undefined; includeInIndex = 0; };
		6A94A2D7C3864628A16931D6 /* GCDWebServerRequest.h */ = {isa = PBXFileReference; name = "GCDWebServerRequest.h"; path = "cordova-plugin-ionic-webview/GCDWebServerRequest.h"; sourceTree = "<group>"; fileEncoding = 4; lastKnownFileType = sourcecode.c.h; explicitFileType = undefined; includeInIndex = 0; };
		75105A00B02F478DB8561A23 /* GCDWebServerResponse.h */ = {isa = PBXFileReference; name = "GCDWebServerResponse.h"; path = "cordova-plugin-ionic-webview/GCDWebServerResponse.h"; sourceTree = "<group>"; fileEncoding = 4; lastKnownFileType = sourcecode.c.h; explicitFileType = undefined; includeInIndex = 0; };
		D3EE3CFB4B1A4BEEB2DD97F7 /* GCDWebServerDataRequest.h */ = {isa = PBXFileReference; name = "GCDWebServerDataRequest.h"; path = "cordova-plugin-ionic-webview/GCDWebServerDataRequest.h"; sourceTree = "<group>"; fileEncoding = 4; lastKnownFileType = sourcecode.c.h; explicitFileType = undefined; includeInIndex = 0; };
		D6973BF91C194774A8E8EBC4 /* GCDWebServerFileRequest.h */ = {isa = PBXFileReference; name = "GCDWebServerFileRequest.h"; path = "cordova-plugin-ionic-webview/GCDWebServerFileRequest.h"; sourceTree = "<group>"; fileEncoding = 4; lastKnownFileType = sourcecode.c.h; explicitFileType = undefined; includeInIndex = 0; };
		34215704BFF4460BA54BC8B3 /* GCDWebServerMultiPartFormRequest.h */ = {isa = PBXFileReference; name = "GCDWebServerMultiPartFormRequest.h"; path = "cordova-plugin-ionic-webview/GCDWebServerMultiPartFormRequest.h"; sourceTree = "<group>"; fileEncoding = 4; lastKnownFileType = sourcecode.c.h; explicitFileType = undefined; includeInIndex = 0; };
		CFAA6221E9324F8C90E76701 /* GCDWebServerURLEncodedFormRequest.h */ = {isa = PBXFileReference; name = "GCDWebServerURLEncodedFormRequest.h"; path = "cordova-plugin-ionic-webview/GCDWebServerURLEncodedFormRequest.h"; sourceTree = "<group>"; fileEncoding = 4; lastKnownFileType = sourcecode.c.h; explicitFileType = undefined; includeInIndex = 0; };
		8D622FD20AB04DF6ADB719C5 /* GCDWebServerDataResponse.h */ = {isa = PBXFileReference; name = "GCDWebServerDataResponse.h"; path = "cordova-plugin-ionic-webview/GCDWebServerDataResponse.h"; sourceTree = "<group>"; fileEncoding = 4; lastKnownFileType = sourcecode.c.h; explicitFileType = undefined; includeInIndex = 0; };
		F1B652F7801C4E74A3A256C6 /* GCDWebServerErrorResponse.h */ = {isa = PBXFileReference; name = "GCDWebServerErrorResponse.h"; path = "cordova-plugin-ionic-webview/GCDWebServerErrorResponse.h"; sourceTree = "<group>"; fileEncoding = 4; lastKnownFileType = sourcecode.c.h; explicitFileType = undefined; includeInIndex = 0; };
		A250DA4BB2A8464583CB5D86 /* GCDWebServerFileResponse.h */ = {isa = PBXFileReference; name = "GCDWebServerFileResponse.h"; path = "cordova-plugin-ionic-webview/GCDWebServerFileResponse.h"; sourceTree = "<group>"; fileEncoding = 4; lastKnownFileType = sourcecode.c.h; explicitFileType = undefined; includeInIndex = 0; };
		370B31FB1F8C4CF188716EB0 /* GCDWebServerStreamedResponse.h */ = {isa = PBXFileReference; name = "GCDWebServerStreamedResponse.h"; path = "cordova-plugin-ionic-webview/GCDWebServerStreamedResponse.h"; sourceTree = "<group>"; fileEncoding = 4; lastKnownFileType = sourcecode.c.h; explicitFileType = undefined; includeInIndex = 0; };
		84FFDEF3060B4D43A5C7D16E /* WebKit.framework */ = {isa = PBXFileReference; name = "WebKit.framework"; path = "System/Library/Frameworks/WebKit.framework"; sourceTree = SDKROOT; fileEncoding = undefined; lastKnownFileType = wrapper.framework; explicitFileType = undefined; includeInIndex = 0; };
		2477B3FDCCFF4D70A9CD65EE /* libz.tbd */ = {isa = PBXFileReference; name = "libz.tbd"; path = "usr/lib/libz.tbd"; sourceTree = SDKROOT; fileEncoding = undefined; lastKnownFileType = sourcecode.text-based-dylib-definition; explicitFileType = undefined; includeInIndex = 0; };
		2615CA63DD6745639455D10B /* CDVDevice.m */ = {isa = PBXFileReference; name = "CDVDevice.m"; path = "cordova-plugin-device/CDVDevice.m"; sourceTree = "<group>"; fileEncoding = 4; lastKnownFileType = sourcecode.c.objc; explicitFileType = undefined; includeInIndex = 0; };
		BE0F57F1A9DC4072BDF2193E /* CDVDevice.h */ = {isa = PBXFileReference; name = "CDVDevice.h"; path = "cordova-plugin-device/CDVDevice.h"; sourceTree = "<group>"; fileEncoding = 4; lastKnownFileType = sourcecode.c.h; explicitFileType = undefined; includeInIndex = 0; };
		1FD384AC9CCA4EB98B872D9D /* IonicKeyboard.m */ = {isa = PBXFileReference; name = "IonicKeyboard.m"; path = "ionic-plugin-keyboard/IonicKeyboard.m"; sourceTree = "<group>"; fileEncoding = 4; lastKnownFileType = sourcecode.c.objc; explicitFileType = undefined; includeInIndex = 0; };
		1371EB9DF390412E8913A559 /* IonicKeyboard.h */ = {isa = PBXFileReference; name = "IonicKeyboard.h"; path = "ionic-plugin-keyboard/IonicKeyboard.h"; sourceTree = "<group>"; fileEncoding = 4; lastKnownFileType = sourcecode.c.h; explicitFileType = undefined; includeInIndex = 0; };
		C0047644BCA14C709585BB62 /* CDVSplashScreen.m */ = {isa = PBXFileReference; name = "CDVSplashScreen.m"; path = "cordova-plugin-splashscreen/CDVSplashScreen.m"; sourceTree = "<group>"; fileEncoding = 4; lastKnownFileType = sourcecode.c.objc; explicitFileType = undefined; includeInIndex = 0; };
		EBFD11C779AF438398FB22F8 /* CDVViewController+SplashScreen.m */ = {isa = PBXFileReference; name = "CDVViewController+SplashScreen.m"; path = "cordova-plugin-splashscreen/CDVViewController+SplashScreen.m"; sourceTree = "<group>"; fileEncoding = 4; lastKnownFileType = sourcecode.c.objc; explicitFileType = undefined; includeInIndex = 0; };
		8289905641F248D9BC9F0FCA /* CDVSplashScreen.h */ = {isa = PBXFileReference; name = "CDVSplashScreen.h"; path = "cordova-plugin-splashscreen/CDVSplashScreen.h"; sourceTree = "<group>"; fileEncoding = 4; lastKnownFileType = sourcecode.c.h; explicitFileType = undefined; includeInIndex = 0; };
		FBB07C4A16914CBF9A7F18FA /* CDVViewController+SplashScreen.h */ = {isa = PBXFileReference; name = "CDVViewController+SplashScreen.h"; path = "cordova-plugin-splashscreen/CDVViewController+SplashScreen.h"; sourceTree = "<group>"; fileEncoding = 4; lastKnownFileType = sourcecode.c.h; explicitFileType = undefined; includeInIndex = 0; };
		2D5162075DA5499D93F57EB8 /* GCDWebServer.framework */ = {isa = PBXFileReference; name = "GCDWebServer.framework"; path = "Asambleas/Plugins/cordova-plugin-webserver/GCDWebServer.framework"; sourceTree = "<group>"; fileEncoding = undefined; lastKnownFileType = wrapper.framework; explicitFileType = undefined; includeInIndex = 0; };
		21C5710B64874EE890F07E47 /* libz.dylib */ = {isa = PBXFileReference; name = "libz.dylib"; path = "usr/lib/libz.dylib"; sourceTree = SDKROOT; fileEncoding = undefined; lastKnownFileType = compiled.mach-o.dylib; explicitFileType = undefined; includeInIndex = 0; };
		D1E354A18F184F219FCC7548 /* CFNetwork.framework */ = {isa = PBXFileReference; name = "CFNetwork.framework"; path = "System/Library/Frameworks/CFNetwork.framework"; sourceTree = SDKROOT; fileEncoding = undefined; lastKnownFileType = wrapper.framework; explicitFileType = undefined; includeInIndex = 0; };
		A659BC98EA9549DD99FC5872 /* SystemConfiguration.framework */ = {isa = PBXFileReference; name = "SystemConfiguration.framework"; path = "System/Library/Frameworks/SystemConfiguration.framework"; sourceTree = SDKROOT; fileEncoding = undefined; lastKnownFileType = wrapper.framework; explicitFileType = undefined; includeInIndex = 0; };
		51E25CAD682B46FE971C327A /* MyMainViewController.m */ = {isa = PBXFileReference; name = "MyMainViewController.m"; path = "com.telerik.plugins.wkwebview/MyMainViewController.m"; sourceTree = "<group>"; fileEncoding = 4; lastKnownFileType = sourcecode.c.objc; explicitFileType = undefined; includeInIndex = 0; };
		207EF0A43C114235B2613C70 /* AppDelegate+WKWebViewPolyfill.m */ = {isa = PBXFileReference; name = "AppDelegate+WKWebViewPolyfill.m"; path = "com.telerik.plugins.wkwebview/AppDelegate+WKWebViewPolyfill.m"; sourceTree = "<group>"; fileEncoding = 4; lastKnownFileType = sourcecode.c.objc; explicitFileType = undefined; includeInIndex = 0; };
		37C4810FDB9143BFA3169BCB /* ReroutingUIWebView.m */ = {isa = PBXFileReference; name = "ReroutingUIWebView.m"; path = "com.telerik.plugins.wkwebview/ReroutingUIWebView.m"; sourceTree = "<group>"; fileEncoding = 4; lastKnownFileType = sourcecode.c.objc; explicitFileType = undefined; includeInIndex = 0; };
		817CEDCADE124F32A4381C0F /* CDVWebViewOperationsDelegate.m */ = {isa = PBXFileReference; name = "CDVWebViewOperationsDelegate.m"; path = "com.telerik.plugins.wkwebview/CDVWebViewOperationsDelegate.m"; sourceTree = "<group>"; fileEncoding = 4; lastKnownFileType = sourcecode.c.objc; explicitFileType = undefined; includeInIndex = 0; };
		E2DA778A33E44FE786ABAF5E /* CDVWebViewUIDelegate.m */ = {isa = PBXFileReference; name = "CDVWebViewUIDelegate.m"; path = "com.telerik.plugins.wkwebview/CDVWebViewUIDelegate.m"; sourceTree = "<group>"; fileEncoding = 4; lastKnownFileType = sourcecode.c.objc; explicitFileType = undefined; includeInIndex = 0; };
		B9AB487B8C7F4B4BBE854A55 /* MyMainViewController.h */ = {isa = PBXFileReference; name = "MyMainViewController.h"; path = "com.telerik.plugins.wkwebview/MyMainViewController.h"; sourceTree = "<group>"; fileEncoding = 4; lastKnownFileType = sourcecode.c.h; explicitFileType = undefined; includeInIndex = 0; };
		34417A79515F447CA9165DC3 /* AppDelegate+WKWebViewPolyfill.h */ = {isa = PBXFileReference; name = "AppDelegate+WKWebViewPolyfill.h"; path = "com.telerik.plugins.wkwebview/AppDelegate+WKWebViewPolyfill.h"; sourceTree = "<group>"; fileEncoding = 4; lastKnownFileType = sourcecode.c.h; explicitFileType = undefined; includeInIndex = 0; };
		992CB19F9BA84B9B8B606A70 /* ReroutingUIWebView.h */ = {isa = PBXFileReference; name = "ReroutingUIWebView.h"; path = "com.telerik.plugins.wkwebview/ReroutingUIWebView.h"; sourceTree = "<group>"; fileEncoding = 4; lastKnownFileType = sourcecode.c.h; explicitFileType = undefined; includeInIndex = 0; };
		1CDB0F172AF24FFCBF8684BE /* CDVWebViewOperationsDelegate.h */ = {isa = PBXFileReference; name = "CDVWebViewOperationsDelegate.h"; path = "com.telerik.plugins.wkwebview/CDVWebViewOperationsDelegate.h"; sourceTree = "<group>"; fileEncoding = 4; lastKnownFileType = sourcecode.c.h; explicitFileType = undefined; includeInIndex = 0; };
		2A937C39A75D496D911186E5 /* CDVWebViewUIDelegate.h */ = {isa = PBXFileReference; name = "CDVWebViewUIDelegate.h"; path = "com.telerik.plugins.wkwebview/CDVWebViewUIDelegate.h"; sourceTree = "<group>"; fileEncoding = 4; lastKnownFileType = sourcecode.c.h; explicitFileType = undefined; includeInIndex = 0; };
		6FD9A6535BCD4DA2B73DF267 /* CDVFile.m */ = {isa = PBXFileReference; name = "CDVFile.m"; path = "cordova-plugin-file/CDVFile.m"; sourceTree = "<group>"; fileEncoding = 4; lastKnownFileType = sourcecode.c.objc; explicitFileType = undefined; includeInIndex = 0; };
		97BC54D03B4B4E84A7447086 /* CDVLocalFilesystem.m */ = {isa = PBXFileReference; name = "CDVLocalFilesystem.m"; path = "cordova-plugin-file/CDVLocalFilesystem.m"; sourceTree = "<group>"; fileEncoding = 4; lastKnownFileType = sourcecode.c.objc; explicitFileType = undefined; includeInIndex = 0; };
		1A4454B1C689439C89050A77 /* CDVAssetLibraryFilesystem.m */ = {isa = PBXFileReference; name = "CDVAssetLibraryFilesystem.m"; path = "cordova-plugin-file/CDVAssetLibraryFilesystem.m"; sourceTree = "<group>"; fileEncoding = 4; lastKnownFileType = sourcecode.c.objc; explicitFileType = undefined; includeInIndex = 0; };
		CFDF20F20F5949BAAD76027E /* CDVFile.h */ = {isa = PBXFileReference; name = "CDVFile.h"; path = "cordova-plugin-file/CDVFile.h"; sourceTree = "<group>"; fileEncoding = 4; lastKnownFileType = sourcecode.c.h; explicitFileType = undefined; includeInIndex = 0; };
		54CE9944C9C945CB819AB53E /* CDVLocalFilesystem.h */ = {isa = PBXFileReference; name = "CDVLocalFilesystem.h"; path = "cordova-plugin-file/CDVLocalFilesystem.h"; sourceTree = "<group>"; fileEncoding = 4; lastKnownFileType = sourcecode.c.h; explicitFileType = undefined; includeInIndex = 0; };
		681E4C82D4FD4F8B9F09EF61 /* CDVAssetLibraryFilesystem.h */ = {isa = PBXFileReference; name = "CDVAssetLibraryFilesystem.h"; path = "cordova-plugin-file/CDVAssetLibraryFilesystem.h"; sourceTree = "<group>"; fileEncoding = 4; lastKnownFileType = sourcecode.c.h; explicitFileType = undefined; includeInIndex = 0; };
		72DBBACE27014F1DAEA04F44 /* CordovaHttpPlugin.m */ = {isa = PBXFileReference; name = "CordovaHttpPlugin.m"; path = "cordova-plugin-advanced-http/CordovaHttpPlugin.m"; sourceTree = "<group>"; fileEncoding = 4; lastKnownFileType = sourcecode.c.objc; explicitFileType = undefined; includeInIndex = 0; };
		550CDC0DBF634E298E7B7CE5 /* TextResponseSerializer.m */ = {isa = PBXFileReference; name = "TextResponseSerializer.m"; path = "cordova-plugin-advanced-http/TextResponseSerializer.m"; sourceTree = "<group>"; fileEncoding = 4; lastKnownFileType = sourcecode.c.objc; explicitFileType = undefined; includeInIndex = 0; };
		8E20B7BF554F4DBCB16201CE /* TextRequestSerializer.m */ = {isa = PBXFileReference; name = "TextRequestSerializer.m"; path = "cordova-plugin-advanced-http/TextRequestSerializer.m"; sourceTree = "<group>"; fileEncoding = 4; lastKnownFileType = sourcecode.c.objc; explicitFileType = undefined; includeInIndex = 0; };
		B3CAE8D475814D57BC627910 /* AFHTTPSessionManager.m */ = {isa = PBXFileReference; name = "AFHTTPSessionManager.m"; path = "cordova-plugin-advanced-http/AFHTTPSessionManager.m"; sourceTree = "<group>"; fileEncoding = 4; lastKnownFileType = sourcecode.c.objc; explicitFileType = undefined; includeInIndex = 0; };
		CB00207806A64908800E29F6 /* AFNetworkReachabilityManager.m */ = {isa = PBXFileReference; name = "AFNetworkReachabilityManager.m"; path = "cordova-plugin-advanced-http/AFNetworkReachabilityManager.m"; sourceTree = "<group>"; fileEncoding = 4; lastKnownFileType = sourcecode.c.objc; explicitFileType = undefined; includeInIndex = 0; };
		26FC136878C544E88F5257BB /* AFSecurityPolicy.m */ = {isa = PBXFileReference; name = "AFSecurityPolicy.m"; path = "cordova-plugin-advanced-http/AFSecurityPolicy.m"; sourceTree = "<group>"; fileEncoding = 4; lastKnownFileType = sourcecode.c.objc; explicitFileType = undefined; includeInIndex = 0; };
		95D0D07A0F454CBC965C42B3 /* AFURLRequestSerialization.m */ = {isa = PBXFileReference; name = "AFURLRequestSerialization.m"; path = "cordova-plugin-advanced-http/AFURLRequestSerialization.m"; sourceTree = "<group>"; fileEncoding = 4; lastKnownFileType = sourcecode.c.objc; explicitFileType = undefined; includeInIndex = 0; };
		CFE100DFACB24B918021A0D8 /* AFURLResponseSerialization.m */ = {isa = PBXFileReference; name = "AFURLResponseSerialization.m"; path = "cordova-plugin-advanced-http/AFURLResponseSerialization.m"; sourceTree = "<group>"; fileEncoding = 4; lastKnownFileType = sourcecode.c.objc; explicitFileType = undefined; includeInIndex = 0; };
		BDC100245C374004B24D1C10 /* AFURLSessionManager.m */ = {isa = PBXFileReference; name = "AFURLSessionManager.m"; path = "cordova-plugin-advanced-http/AFURLSessionManager.m"; sourceTree = "<group>"; fileEncoding = 4; lastKnownFileType = sourcecode.c.objc; explicitFileType = undefined; includeInIndex = 0; };
		0C690874A3364BC0A1CB09B9 /* SDNetworkActivityIndicator.m */ = {isa = PBXFileReference; name = "SDNetworkActivityIndicator.m"; path = "cordova-plugin-advanced-http/SDNetworkActivityIndicator.m"; sourceTree = "<group>"; fileEncoding = 4; lastKnownFileType = sourcecode.c.objc; explicitFileType = undefined; includeInIndex = 0; };
		6C9C32468CA14554B569E465 /* CordovaHttpPlugin.h */ = {isa = PBXFileReference; name = "CordovaHttpPlugin.h"; path = "cordova-plugin-advanced-http/CordovaHttpPlugin.h"; sourceTree = "<group>"; fileEncoding = 4; lastKnownFileType = sourcecode.c.h; explicitFileType = undefined; includeInIndex = 0; };
		E9424EF4C8CA454B997F9022 /* TextResponseSerializer.h */ = {isa = PBXFileReference; name = "TextResponseSerializer.h"; path = "cordova-plugin-advanced-http/TextResponseSerializer.h"; sourceTree = "<group>"; fileEncoding = 4; lastKnownFileType = sourcecode.c.h; explicitFileType = undefined; includeInIndex = 0; };
		86619249CDFE447CA0F9264F /* TextRequestSerializer.h */ = {isa = PBXFileReference; name = "TextRequestSerializer.h"; path = "cordova-plugin-advanced-http/TextRequestSerializer.h"; sourceTree = "<group>"; fileEncoding = 4; lastKnownFileType = sourcecode.c.h; explicitFileType = undefined; includeInIndex = 0; };
		970E0D1ADC2B4B38BC56D216 /* AFHTTPSessionManager.h */ = {isa = PBXFileReference; name = "AFHTTPSessionManager.h"; path = "cordova-plugin-advanced-http/AFHTTPSessionManager.h"; sourceTree = "<group>"; fileEncoding = 4; lastKnownFileType = sourcecode.c.h; explicitFileType = undefined; includeInIndex = 0; };
		CF96456D58B6438D938D72FC /* AFNetworking.h */ = {isa = PBXFileReference; name = "AFNetworking.h"; path = "cordova-plugin-advanced-http/AFNetworking.h"; sourceTree = "<group>"; fileEncoding = 4; lastKnownFileType = sourcecode.c.h; explicitFileType = undefined; includeInIndex = 0; };
		02365E55F0CA4304840B40A2 /* AFNetworkReachabilityManager.h */ = {isa = PBXFileReference; name = "AFNetworkReachabilityManager.h"; path = "cordova-plugin-advanced-http/AFNetworkReachabilityManager.h"; sourceTree = "<group>"; fileEncoding = 4; lastKnownFileType = sourcecode.c.h; explicitFileType = undefined; includeInIndex = 0; };
		20E6745CCCD14AFF81D35735 /* AFSecurityPolicy.h */ = {isa = PBXFileReference; name = "AFSecurityPolicy.h"; path = "cordova-plugin-advanced-http/AFSecurityPolicy.h"; sourceTree = "<group>"; fileEncoding = 4; lastKnownFileType = sourcecode.c.h; explicitFileType = undefined; includeInIndex = 0; };
		ECD9AF09BFE3444DA4F870B1 /* AFURLRequestSerialization.h */ = {isa = PBXFileReference; name = "AFURLRequestSerialization.h"; path = "cordova-plugin-advanced-http/AFURLRequestSerialization.h"; sourceTree = "<group>"; fileEncoding = 4; lastKnownFileType = sourcecode.c.h; explicitFileType = undefined; includeInIndex = 0; };
		DEA1E75DD78C4CE3BCB7B824 /* AFURLResponseSerialization.h */ = {isa = PBXFileReference; name = "AFURLResponseSerialization.h"; path = "cordova-plugin-advanced-http/AFURLResponseSerialization.h"; sourceTree = "<group>"; fileEncoding = 4; lastKnownFileType = sourcecode.c.h; explicitFileType = undefined; includeInIndex = 0; };
		0E94DD4CF44E42338B7483AC /* AFURLSessionManager.h */ = {isa = PBXFileReference; name = "AFURLSessionManager.h"; path = "cordova-plugin-advanced-http/AFURLSessionManager.h"; sourceTree = "<group>"; fileEncoding = 4; lastKnownFileType = sourcecode.c.h; explicitFileType = undefined; includeInIndex = 0; };
		F6EE10B7201B4C6FB4A4A6B9 /* SDNetworkActivityIndicator.h */ = {isa = PBXFileReference; name = "SDNetworkActivityIndicator.h"; path = "cordova-plugin-advanced-http/SDNetworkActivityIndicator.h"; sourceTree = "<group>"; fileEncoding = 4; lastKnownFileType = sourcecode.c.h; explicitFileType = undefined; includeInIndex = 0; };
		8EED9DDFAAFC44D3A8FC6A11 /* Security.framework */ = {isa = PBXFileReference; name = "Security.framework"; path = "System/Library/Frameworks/Security.framework"; sourceTree = SDKROOT; fileEncoding = undefined; lastKnownFileType = wrapper.framework; explicitFileType = undefined; includeInIndex = 0; };
		1B2D90C6AA6248CCB3D6E845 /* CDVStatusBar.m */ = {isa = PBXFileReference; name = "CDVStatusBar.m"; path = "cordova-plugin-statusbar/CDVStatusBar.m"; sourceTree = "<group>"; fileEncoding = 4; lastKnownFileType = sourcecode.c.objc; explicitFileType = undefined; includeInIndex = 0; };
		211BF05D2FB840DB857F9ADF /* CDVStatusBar.h */ = {isa = PBXFileReference; name = "CDVStatusBar.h"; path = "cordova-plugin-statusbar/CDVStatusBar.h"; sourceTree = "<group>"; fileEncoding = 4; lastKnownFileType = sourcecode.c.h; explicitFileType = undefined; includeInIndex = 0; };
		AC6B0B47FB334C41905BACD7 /* PluginObjects.m */ = {isa = PBXFileReference; name = "PluginObjects.m"; path = "cordova-plugin-googlemaps/PluginObjects.m"; sourceTree = "<group>"; fileEncoding = 4; lastKnownFileType = sourcecode.c.objc; explicitFileType = undefined; includeInIndex = 0; };
		D21B0D4532BE4F6DB42572E0 /* PluginCircle.m */ = {isa = PBXFileReference; name = "PluginCircle.m"; path = "cordova-plugin-googlemaps/PluginCircle.m"; sourceTree = "<group>"; fileEncoding = 4; lastKnownFileType = sourcecode.c.objc; explicitFileType = undefined; includeInIndex = 0; };
		E735B46B99E347C2B2A0C5DE /* PluginGeocoder.m */ = {isa = PBXFileReference; name = "PluginGeocoder.m"; path = "cordova-plugin-googlemaps/PluginGeocoder.m"; sourceTree = "<group>"; fileEncoding = 4; lastKnownFileType = sourcecode.c.objc; explicitFileType = undefined; includeInIndex = 0; };
		ACBC6D1EABD44BB89EF0792F /* PluginLocationService.m */ = {isa = PBXFileReference; name = "PluginLocationService.m"; path = "cordova-plugin-googlemaps/PluginLocationService.m"; sourceTree = "<group>"; fileEncoding = 4; lastKnownFileType = sourcecode.c.objc; explicitFileType = undefined; includeInIndex = 0; };
		15B273550EC546189E8910DE /* PluginEnvironment.m */ = {isa = PBXFileReference; name = "PluginEnvironment.m"; path = "cordova-plugin-googlemaps/PluginEnvironment.m"; sourceTree = "<group>"; fileEncoding = 4; lastKnownFileType = sourcecode.c.objc; explicitFileType = undefined; includeInIndex = 0; };
		32498E6C159A46C0833E3534 /* CordovaGoogleMaps.m */ = {isa = PBXFileReference; name = "CordovaGoogleMaps.m"; path = "cordova-plugin-googlemaps/CordovaGoogleMaps.m"; sourceTree = "<group>"; fileEncoding = 4; lastKnownFileType = sourcecode.c.objc; explicitFileType = undefined; includeInIndex = 0; };
		A53A69013CBC4BD9A3275868 /* PluginMapViewController.m */ = {isa = PBXFileReference; name = "PluginMapViewController.m"; path = "cordova-plugin-googlemaps/PluginMapViewController.m"; sourceTree = "<group>"; fileEncoding = 4; lastKnownFileType = sourcecode.c.objc; explicitFileType = undefined; includeInIndex = 0; };
		38E7910BFEFC4A63AC675FA6 /* PluginGroundOverlay.m */ = {isa = PBXFileReference; name = "PluginGroundOverlay.m"; path = "cordova-plugin-googlemaps/PluginGroundOverlay.m"; sourceTree = "<group>"; fileEncoding = 4; lastKnownFileType = sourcecode.c.objc; explicitFileType = undefined; includeInIndex = 0; };
		4C4E3D3BD0CE4CC187726853 /* PluginKmlOverlay.m */ = {isa = PBXFileReference; name = "PluginKmlOverlay.m"; path = "cordova-plugin-googlemaps/PluginKmlOverlay.m"; sourceTree = "<group>"; fileEncoding = 4; lastKnownFileType = sourcecode.c.objc; explicitFileType = undefined; includeInIndex = 0; };
		D3F4CB84D2C644B7935CD502 /* PluginMap.m */ = {isa = PBXFileReference; name = "PluginMap.m"; path = "cordova-plugin-googlemaps/PluginMap.m"; sourceTree = "<group>"; fileEncoding = 4; lastKnownFileType = sourcecode.c.objc; explicitFileType = undefined; includeInIndex = 0; };
		0E774150596F424A9076338D /* PluginMarker.m */ = {isa = PBXFileReference; name = "PluginMarker.m"; path = "cordova-plugin-googlemaps/PluginMarker.m"; sourceTree = "<group>"; fileEncoding = 4; lastKnownFileType = sourcecode.c.objc; explicitFileType = undefined; includeInIndex = 0; };
		0AC01BF648F3411BAD96F364 /* PluginUtil.m */ = {isa = PBXFileReference; name = "PluginUtil.m"; path = "cordova-plugin-googlemaps/PluginUtil.m"; sourceTree = "<group>"; fileEncoding = 4; lastKnownFileType = sourcecode.c.objc; explicitFileType = undefined; includeInIndex = 0; };
		21A6ADB8FFBC4F2E8BAEB90B /* PluginPolygon.m */ = {isa = PBXFileReference; name = "PluginPolygon.m"; path = "cordova-plugin-googlemaps/PluginPolygon.m"; sourceTree = "<group>"; fileEncoding = 4; lastKnownFileType = sourcecode.c.objc; explicitFileType = undefined; includeInIndex = 0; };
		F681EB6D7EF74E3DABCF3504 /* PluginPolyline.m */ = {isa = PBXFileReference; name = "PluginPolyline.m"; path = "cordova-plugin-googlemaps/PluginPolyline.m"; sourceTree = "<group>"; fileEncoding = 4; lastKnownFileType = sourcecode.c.objc; explicitFileType = undefined; includeInIndex = 0; };
		D7D706370B84454BA0C4F833 /* PluginTileProvider.m */ = {isa = PBXFileReference; name = "PluginTileProvider.m"; path = "cordova-plugin-googlemaps/PluginTileProvider.m"; sourceTree = "<group>"; fileEncoding = 4; lastKnownFileType = sourcecode.c.objc; explicitFileType = undefined; includeInIndex = 0; };
		88A363000A954B7CA352555F /* TBXML.m */ = {isa = PBXFileReference; name = "TBXML.m"; path = "cordova-plugin-googlemaps/TBXML.m"; sourceTree = "<group>"; fileEncoding = 4; lastKnownFileType = sourcecode.c.objc; explicitFileType = undefined; includeInIndex = 0; };
		C0B8056F2D364455AB836F36 /* PluginTileOverlay.m */ = {isa = PBXFileReference; name = "PluginTileOverlay.m"; path = "cordova-plugin-googlemaps/PluginTileOverlay.m"; sourceTree = "<group>"; fileEncoding = 4; lastKnownFileType = sourcecode.c.objc; explicitFileType = undefined; includeInIndex = 0; };
		7666273091684821A962E0ED /* NSData+Base64.m */ = {isa = PBXFileReference; name = "NSData+Base64.m"; path = "cordova-plugin-googlemaps/NSData+Base64.m"; sourceTree = "<group>"; fileEncoding = 4; lastKnownFileType = sourcecode.c.objc; explicitFileType = undefined; includeInIndex = 0; };
		6F785531D4D742C38E9E97A8 /* GMSCoordinateBounds+Geometry.m */ = {isa = PBXFileReference; name = "GMSCoordinateBounds+Geometry.m"; path = "cordova-plugin-googlemaps/GMSCoordinateBounds+Geometry.m"; sourceTree = "<group>"; fileEncoding = 4; lastKnownFileType = sourcecode.c.objc; explicitFileType = undefined; includeInIndex = 0; };
		C63112557B5941DB8990FA28 /* MyPluginLayer.m */ = {isa = PBXFileReference; name = "MyPluginLayer.m"; path = "cordova-plugin-googlemaps/MyPluginLayer.m"; sourceTree = "<group>"; fileEncoding = 4; lastKnownFileType = sourcecode.c.objc; explicitFileType = undefined; includeInIndex = 0; };
		E35A8440797D4734ADDF68D3 /* MyPluginScrollView.m */ = {isa = PBXFileReference; name = "MyPluginScrollView.m"; path = "cordova-plugin-googlemaps/MyPluginScrollView.m"; sourceTree = "<group>"; fileEncoding = 4; lastKnownFileType = sourcecode.c.objc; explicitFileType = undefined; includeInIndex = 0; };
		7FC4B8A827144F9D90E798DE /* PluginMarkerCluster.m */ = {isa = PBXFileReference; name = "PluginMarkerCluster.m"; path = "cordova-plugin-googlemaps/PluginMarkerCluster.m"; sourceTree = "<group>"; fileEncoding = 4; lastKnownFileType = sourcecode.c.objc; explicitFileType = undefined; includeInIndex = 0; };
		A979C91B8E06429EA2238A86 /* UIImageCache.m */ = {isa = PBXFileReference; name = "UIImageCache.m"; path = "cordova-plugin-googlemaps/UIImageCache.m"; sourceTree = "<group>"; fileEncoding = 4; lastKnownFileType = sourcecode.c.objc; explicitFileType = undefined; includeInIndex = 0; };
		2CAE1618DA6B4FC8A5007E08 /* PluginStreetViewPanorama.m */ = {isa = PBXFileReference; name = "PluginStreetViewPanorama.m"; path = "cordova-plugin-googlemaps/PluginStreetViewPanorama.m"; sourceTree = "<group>"; fileEncoding = 4; lastKnownFileType = sourcecode.c.objc; explicitFileType = undefined; includeInIndex = 0; };
		84582F54B11649EEA598B07C /* PluginStreetViewPanoramaController.m */ = {isa = PBXFileReference; name = "PluginStreetViewPanoramaController.m"; path = "cordova-plugin-googlemaps/PluginStreetViewPanoramaController.m"; sourceTree = "<group>"; fileEncoding = 4; lastKnownFileType = sourcecode.c.objc; explicitFileType = undefined; includeInIndex = 0; };
		20EAFC8DC4944D5E9D1F0182 /* PluginViewController.m */ = {isa = PBXFileReference; name = "PluginViewController.m"; path = "cordova-plugin-googlemaps/PluginViewController.m"; sourceTree = "<group>"; fileEncoding = 4; lastKnownFileType = sourcecode.c.objc; explicitFileType = undefined; includeInIndex = 0; };
		A75DFE65E8B046019C01BBCE /* PluginObjects.h */ = {isa = PBXFileReference; name = "PluginObjects.h"; path = "cordova-plugin-googlemaps/PluginObjects.h"; sourceTree = "<group>"; fileEncoding = 4; lastKnownFileType = sourcecode.c.h; explicitFileType = undefined; includeInIndex = 0; };
		A275725F3F874C4FBA8F6A0A /* PluginCircle.h */ = {isa = PBXFileReference; name = "PluginCircle.h"; path = "cordova-plugin-googlemaps/PluginCircle.h"; sourceTree = "<group>"; fileEncoding = 4; lastKnownFileType = sourcecode.c.h; explicitFileType = undefined; includeInIndex = 0; };
		D4ECCD6F4E9544F0BE95A642 /* PluginGeocoder.h */ = {isa = PBXFileReference; name = "PluginGeocoder.h"; path = "cordova-plugin-googlemaps/PluginGeocoder.h"; sourceTree = "<group>"; fileEncoding = 4; lastKnownFileType = sourcecode.c.h; explicitFileType = undefined; includeInIndex = 0; };
		01DC230C19CF4BC7BF53C462 /* PluginLocationService.h */ = {isa = PBXFileReference; name = "PluginLocationService.h"; path = "cordova-plugin-googlemaps/PluginLocationService.h"; sourceTree = "<group>"; fileEncoding = 4; lastKnownFileType = sourcecode.c.h; explicitFileType = undefined; includeInIndex = 0; };
		830E11DF04314BA9A338928D /* PluginEnvironment.h */ = {isa = PBXFileReference; name = "PluginEnvironment.h"; path = "cordova-plugin-googlemaps/PluginEnvironment.h"; sourceTree = "<group>"; fileEncoding = 4; lastKnownFileType = sourcecode.c.h; explicitFileType = undefined; includeInIndex = 0; };
		B7349AB4EE7840CDA0BDDF03 /* CordovaGoogleMaps.h */ = {isa = PBXFileReference; name = "CordovaGoogleMaps.h"; path = "cordova-plugin-googlemaps/CordovaGoogleMaps.h"; sourceTree = "<group>"; fileEncoding = 4; lastKnownFileType = sourcecode.c.h; explicitFileType = undefined; includeInIndex = 0; };
		6D28E2ED0AB0461B9BECCD84 /* PluginMapViewController.h */ = {isa = PBXFileReference; name = "PluginMapViewController.h"; path = "cordova-plugin-googlemaps/PluginMapViewController.h"; sourceTree = "<group>"; fileEncoding = 4; lastKnownFileType = sourcecode.c.h; explicitFileType = undefined; includeInIndex = 0; };
		01E602FCE18847EDA187D662 /* PluginGroundOverlay.h */ = {isa = PBXFileReference; name = "PluginGroundOverlay.h"; path = "cordova-plugin-googlemaps/PluginGroundOverlay.h"; sourceTree = "<group>"; fileEncoding = 4; lastKnownFileType = sourcecode.c.h; explicitFileType = undefined; includeInIndex = 0; };
		7CB438788F4F4722A2732B1A /* PluginKmlOverlay.h */ = {isa = PBXFileReference; name = "PluginKmlOverlay.h"; path = "cordova-plugin-googlemaps/PluginKmlOverlay.h"; sourceTree = "<group>"; fileEncoding = 4; lastKnownFileType = sourcecode.c.h; explicitFileType = undefined; includeInIndex = 0; };
		C8D3BCAD0FCE4778969F3BAC /* PluginMap.h */ = {isa = PBXFileReference; name = "PluginMap.h"; path = "cordova-plugin-googlemaps/PluginMap.h"; sourceTree = "<group>"; fileEncoding = 4; lastKnownFileType = sourcecode.c.h; explicitFileType = undefined; includeInIndex = 0; };
		05D50B0F586141C59C52E4D0 /* PluginMarker.h */ = {isa = PBXFileReference; name = "PluginMarker.h"; path = "cordova-plugin-googlemaps/PluginMarker.h"; sourceTree = "<group>"; fileEncoding = 4; lastKnownFileType = sourcecode.c.h; explicitFileType = undefined; includeInIndex = 0; };
		C8F258A4DB2E44E4AF5C1C31 /* PluginUtil.h */ = {isa = PBXFileReference; name = "PluginUtil.h"; path = "cordova-plugin-googlemaps/PluginUtil.h"; sourceTree = "<group>"; fileEncoding = 4; lastKnownFileType = sourcecode.c.h; explicitFileType = undefined; includeInIndex = 0; };
		8247F511DD274444A20A3BBE /* PluginPolygon.h */ = {isa = PBXFileReference; name = "PluginPolygon.h"; path = "cordova-plugin-googlemaps/PluginPolygon.h"; sourceTree = "<group>"; fileEncoding = 4; lastKnownFileType = sourcecode.c.h; explicitFileType = undefined; includeInIndex = 0; };
		8DAEA51D273A4C1B974D8FE6 /* PluginPolyline.h */ = {isa = PBXFileReference; name = "PluginPolyline.h"; path = "cordova-plugin-googlemaps/PluginPolyline.h"; sourceTree = "<group>"; fileEncoding = 4; lastKnownFileType = sourcecode.c.h; explicitFileType = undefined; includeInIndex = 0; };
		2B557804535646E880F9F674 /* PluginTileProvider.h */ = {isa = PBXFileReference; name = "PluginTileProvider.h"; path = "cordova-plugin-googlemaps/PluginTileProvider.h"; sourceTree = "<group>"; fileEncoding = 4; lastKnownFileType = sourcecode.c.h; explicitFileType = undefined; includeInIndex = 0; };
		944E591FFC304A0DB3CAEC3A /* TBXML.h */ = {isa = PBXFileReference; name = "TBXML.h"; path = "cordova-plugin-googlemaps/TBXML.h"; sourceTree = "<group>"; fileEncoding = 4; lastKnownFileType = sourcecode.c.h; explicitFileType = undefined; includeInIndex = 0; };
		C5DE7AF6854D445FB902A7D1 /* PluginTileOverlay.h */ = {isa = PBXFileReference; name = "PluginTileOverlay.h"; path = "cordova-plugin-googlemaps/PluginTileOverlay.h"; sourceTree = "<group>"; fileEncoding = 4; lastKnownFileType = sourcecode.c.h; explicitFileType = undefined; includeInIndex = 0; };
		704D4BADFB5C4A54928DC4AE /* NSData+Base64.h */ = {isa = PBXFileReference; name = "NSData+Base64.h"; path = "cordova-plugin-googlemaps/NSData+Base64.h"; sourceTree = "<group>"; fileEncoding = 4; lastKnownFileType = sourcecode.c.h; explicitFileType = undefined; includeInIndex = 0; };
		51885AA9FF3349D0A0F2C9CD /* NSData+Base64.podspec */ = {isa = PBXFileReference; name = "NSData+Base64.podspec"; path = "cordova-plugin-googlemaps/NSData+Base64.podspec"; sourceTree = "<group>"; fileEncoding = undefined; lastKnownFileType = unknown; explicitFileType = undefined; includeInIndex = 0; };
		87209A95BF1643328493B27B /* GMSCoordinateBounds+Geometry.h */ = {isa = PBXFileReference; name = "GMSCoordinateBounds+Geometry.h"; path = "cordova-plugin-googlemaps/GMSCoordinateBounds+Geometry.h"; sourceTree = "<group>"; fileEncoding = 4; lastKnownFileType = sourcecode.c.h; explicitFileType = undefined; includeInIndex = 0; };
		B6EE2E9894D248178FD27252 /* MyPluginLayer.h */ = {isa = PBXFileReference; name = "MyPluginLayer.h"; path = "cordova-plugin-googlemaps/MyPluginLayer.h"; sourceTree = "<group>"; fileEncoding = 4; lastKnownFileType = sourcecode.c.h; explicitFileType = undefined; includeInIndex = 0; };
		331576CC075B4F37BCB5AF82 /* MyPluginScrollView.h */ = {isa = PBXFileReference; name = "MyPluginScrollView.h"; path = "cordova-plugin-googlemaps/MyPluginScrollView.h"; sourceTree = "<group>"; fileEncoding = 4; lastKnownFileType = sourcecode.c.h; explicitFileType = undefined; includeInIndex = 0; };
		5DCA20B45DBC42C398441EE4 /* PluginMarkerCluster.h */ = {isa = PBXFileReference; name = "PluginMarkerCluster.h"; path = "cordova-plugin-googlemaps/PluginMarkerCluster.h"; sourceTree = "<group>"; fileEncoding = 4; lastKnownFileType = sourcecode.c.h; explicitFileType = undefined; includeInIndex = 0; };
		AFC8C327832C4258A63B125F /* UIImageCache.h */ = {isa = PBXFileReference; name = "UIImageCache.h"; path = "cordova-plugin-googlemaps/UIImageCache.h"; sourceTree = "<group>"; fileEncoding = 4; lastKnownFileType = sourcecode.c.h; explicitFileType = undefined; includeInIndex = 0; };
		3E88564B3F2C412D805B6D60 /* PluginStreetViewPanorama.h */ = {isa = PBXFileReference; name = "PluginStreetViewPanorama.h"; path = "cordova-plugin-googlemaps/PluginStreetViewPanorama.h"; sourceTree = "<group>"; fileEncoding = 4; lastKnownFileType = sourcecode.c.h; explicitFileType = undefined; includeInIndex = 0; };
		BECC3028E05B488A9E7F3766 /* PluginStreetViewPanoramaController.h */ = {isa = PBXFileReference; name = "PluginStreetViewPanoramaController.h"; path = "cordova-plugin-googlemaps/PluginStreetViewPanoramaController.h"; sourceTree = "<group>"; fileEncoding = 4; lastKnownFileType = sourcecode.c.h; explicitFileType = undefined; includeInIndex = 0; };
		C56F80F744E7480390E358B9 /* PluginViewController.h */ = {isa = PBXFileReference; name = "PluginViewController.h"; path = "cordova-plugin-googlemaps/PluginViewController.h"; sourceTree = "<group>"; fileEncoding = 4; lastKnownFileType = sourcecode.c.h; explicitFileType = undefined; includeInIndex = 0; };
		0DA45E1343EC499097415C9A /* IPluginView.h */ = {isa = PBXFileReference; name = "IPluginView.h"; path = "cordova-plugin-googlemaps/IPluginView.h"; sourceTree = "<group>"; fileEncoding = 4; lastKnownFileType = sourcecode.c.h; explicitFileType = undefined; includeInIndex = 0; };
		DD9EFF04A8C04EDEB0E4C757 /* IPluginProtocol.h */ = {isa = PBXFileReference; name = "IPluginProtocol.h"; path = "cordova-plugin-googlemaps/IPluginProtocol.h"; sourceTree = "<group>"; fileEncoding = 4; lastKnownFileType = sourcecode.c.h; explicitFileType = undefined; includeInIndex = 0; };
		F32F5365C5FE4C1C951E4780 /* pgm_Localizable_en.json */ = {isa = PBXFileReference; name = "pgm_Localizable_en.json"; path = "pgm_Localizable_en.json"; sourceTree = "<group>"; fileEncoding = undefined; lastKnownFileType = unknown; explicitFileType = undefined; includeInIndex = 0; };
		C1A6B204401945B5A51006A6 /* pgm_Localizable_ja.json */ = {isa = PBXFileReference; name = "pgm_Localizable_ja.json"; path = "pgm_Localizable_ja.json"; sourceTree = "<group>"; fileEncoding = undefined; lastKnownFileType = unknown; explicitFileType = undefined; includeInIndex = 0; };
		476B7876516F4016B43E2668 /* pgm_Localizable_ru.json */ = {isa = PBXFileReference; name = "pgm_Localizable_ru.json"; path = "pgm_Localizable_ru.json"; sourceTree = "<group>"; fileEncoding = undefined; lastKnownFileType = unknown; explicitFileType = undefined; includeInIndex = 0; };
		32BC2260FE4F4FB4837300F9 /* pgm_Localizable_uk.json */ = {isa = PBXFileReference; name = "pgm_Localizable_uk.json"; path = "pgm_Localizable_uk.json"; sourceTree = "<group>"; fileEncoding = undefined; lastKnownFileType = unknown; explicitFileType = undefined; includeInIndex = 0; };
		ECDA31A42B9D4CEB91FBBDC6 /* pgm_Localizable_pt-BR.json */ = {isa = PBXFileReference; name = "pgm_Localizable_pt-BR.json"; path = "pgm_Localizable_pt-BR.json"; sourceTree = "<group>"; fileEncoding = undefined; lastKnownFileType = unknown; explicitFileType = undefined; includeInIndex = 0; };
		2B01FF3572624052ACDDB9BE /* pgm_Localizable_de.json */ = {isa = PBXFileReference; name = "pgm_Localizable_de.json"; path = "pgm_Localizable_de.json"; sourceTree = "<group>"; fileEncoding = undefined; lastKnownFileType = unknown; explicitFileType = undefined; includeInIndex = 0; };
		45E9F2DB3BEC4F8CADF5CC68 /* pgm_Localizable_fr.json */ = {isa = PBXFileReference; name = "pgm_Localizable_fr.json"; path = "pgm_Localizable_fr.json"; sourceTree = "<group>"; fileEncoding = undefined; lastKnownFileType = unknown; explicitFileType = undefined; includeInIndex = 0; };
		716F0DE9B3F7458BABB5461C /* pgm_Localizable_hi.json */ = {isa = PBXFileReference; name = "pgm_Localizable_hi.json"; path = "pgm_Localizable_hi.json"; sourceTree = "<group>"; fileEncoding = undefined; lastKnownFileType = unknown; explicitFileType = undefined; includeInIndex = 0; };
		8963C413FBF74E82AFA0928A /* pgm_Localizable_ar.json */ = {isa = PBXFileReference; name = "pgm_Localizable_ar.json"; path = "pgm_Localizable_ar.json"; sourceTree = "<group>"; fileEncoding = undefined; lastKnownFileType = unknown; explicitFileType = undefined; includeInIndex = 0; };
		0ACC76BCF7274ABA8DC2C36A /* pgm_Localizable_nl.json */ = {isa = PBXFileReference; name = "pgm_Localizable_nl.json"; path = "pgm_Localizable_nl.json"; sourceTree = "<group>"; fileEncoding = undefined; lastKnownFileType = unknown; explicitFileType = undefined; includeInIndex = 0; };
		BC0272A92529485FAEA8B959 /* pgm_Localizable_pl.json */ = {isa = PBXFileReference; name = "pgm_Localizable_pl.json"; path = "pgm_Localizable_pl.json"; sourceTree = "<group>"; fileEncoding = undefined; lastKnownFileType = unknown; explicitFileType = undefined; includeInIndex = 0; };
		EB2444CB24E144A990D4048B /* pgm_Localizable_da.json */ = {isa = PBXFileReference; name = "pgm_Localizable_da.json"; path = "pgm_Localizable_da.json"; sourceTree = "<group>"; fileEncoding = undefined; lastKnownFileType = unknown; explicitFileType = undefined; includeInIndex = 0; };
		4A302721019F442F9229DC81 /* pgm_Localizable_vi.json */ = {isa = PBXFileReference; name = "pgm_Localizable_vi.json"; path = "pgm_Localizable_vi.json"; sourceTree = "<group>"; fileEncoding = undefined; lastKnownFileType = unknown; explicitFileType = undefined; includeInIndex = 0; };
		2BB97D08E0B54FF788345FAC /* CDVLocation.m */ = {isa = PBXFileReference; name = "CDVLocation.m"; path = "cordova-plugin-geolocation/CDVLocation.m"; sourceTree = "<group>"; fileEncoding = 4; lastKnownFileType = sourcecode.c.objc; explicitFileType = undefined; includeInIndex = 0; };
		E11F171337D2481A8E1E4201 /* CDVLocation.h */ = {isa = PBXFileReference; name = "CDVLocation.h"; path = "cordova-plugin-geolocation/CDVLocation.h"; sourceTree = "<group>"; fileEncoding = 4; lastKnownFileType = sourcecode.c.h; explicitFileType = undefined; includeInIndex = 0; };
		99FD6506665B4D5584512FAE /* CoreLocation.framework */ = {isa = PBXFileReference; name = "CoreLocation.framework"; path = "System/Library/Frameworks/CoreLocation.framework"; sourceTree = SDKROOT; fileEncoding = undefined; lastKnownFileType = wrapper.framework; explicitFileType = undefined; includeInIndex = 0; };
/* End PBXFileReference section */

/* Begin PBXFrameworksBuildPhase section */
		1D60588F0D05DD3D006BFB54 /* Frameworks */ = {
			isa = PBXFrameworksBuildPhase;
			buildActionMask = 2147483647;
			files = (
				301BF552109A68D80062928A /* libCordova.a in Frameworks */,
				844601AE02D347969AE6F868 /* WebKit.framework in Frameworks */,
				7D31E9B42BAD494A87C8DFD6 /* libz.tbd in Frameworks */,
				7D88F7BF57B842A0BB5BC081 /* GCDWebServer.framework in Frameworks */,
				729124042E3E48B8AC532C4C /* libz.dylib in Frameworks */,
				BFB41D5B761744CCB398BB86 /* CFNetwork.framework in Frameworks */,
				2BD26D65043C4B0C84D242DF /* SystemConfiguration.framework in Frameworks */,
				A863F2B77BD54BEA8E5868CD /* Security.framework in Frameworks */,
				8E40AF5F05864B06A6041C6D /* CoreLocation.framework in Frameworks */,
			);
			runOnlyForDeploymentPostprocessing = 0;
		};
/* End PBXFrameworksBuildPhase section */

/* Begin PBXGroup section */
		080E96DDFE201D6D7F000001 /* Classes */ = {
			isa = PBXGroup;
			children = (
				302D95EE14D2391D003F00A1 /* MainViewController.h */,
				302D95EF14D2391D003F00A1 /* MainViewController.m */,
				302D95F014D2391D003F00A1 /* MainViewController.xib */,
				1D3623240D0F684500981E51 /* AppDelegate.h */,
				1D3623250D0F684500981E51 /* AppDelegate.m */,
			);
			name = Classes;
			path = "Asambleas/Classes";
			sourceTree = SOURCE_ROOT;
		};
		19C28FACFE9D520D11CA2CBB /* Products */ = {
			isa = PBXGroup;
			children = (
				1D6058910D05DD3D006BFB54 /* Asambleas.app */,
			);
			name = Products;
			sourceTree = "<group>";
		};
		29B97314FDCFA39411CA2CEA /* CustomTemplate */ = {
			isa = PBXGroup;
			children = (
				EB87FDF41871DAF40020F90C /* config.xml */,
				EB87FDF31871DA8E0020F90C /* www */,
				EB87FDF11871DA420020F90C /* Staging */,
				301BF52D109A57CC0062928A /* CordovaLib.xcodeproj */,
				080E96DDFE201D6D7F000001 /* Classes */,
				307C750510C5A3420062BCA9 /* Plugins */,
				29B97315FDCFA39411CA2CEA /* Other Sources */,
				29B97317FDCFA39411CA2CEA /* Resources */,
				29B97323FDCFA39411CA2CEA /* Frameworks */,
				19C28FACFE9D520D11CA2CBB /* Products */,
			);
			name = CustomTemplate;
			sourceTree = "<group>";
		};
		29B97315FDCFA39411CA2CEA /* Other Sources */ = {
			isa = PBXGroup;
			children = (
				32CA4F630368D1EE00C91783 /* Asambleas-Prefix.pch */,
				29B97316FDCFA39411CA2CEA /* main.m */,
				ED33DF2A687741AEAF9F8254 /* Bridging-Header.h */,
			);
			name = "Other Sources";
			path = "Asambleas";
			sourceTree = "<group>";
		};
		29B97317FDCFA39411CA2CEA /* Resources */ = {
			isa = PBXGroup;
			children = (
				0207DA571B56EA530066E2B4 /* Images.xcassets */,
				3047A50E1AB8057F00498E2A /* config */,
				8D1107310486CEB800E47090 /* Asambleas-Info.plist */,
				6AFF5BF81D6E424B00AB3073 /* CDVLaunchScreen.storyboard */,
				F32F5365C5FE4C1C951E4780 /* pgm_Localizable_en.json */,
				C1A6B204401945B5A51006A6 /* pgm_Localizable_ja.json */,
				476B7876516F4016B43E2668 /* pgm_Localizable_ru.json */,
				32BC2260FE4F4FB4837300F9 /* pgm_Localizable_uk.json */,
				ECDA31A42B9D4CEB91FBBDC6 /* pgm_Localizable_pt-BR.json */,
				2B01FF3572624052ACDDB9BE /* pgm_Localizable_de.json */,
				45E9F2DB3BEC4F8CADF5CC68 /* pgm_Localizable_fr.json */,
				716F0DE9B3F7458BABB5461C /* pgm_Localizable_hi.json */,
				8963C413FBF74E82AFA0928A /* pgm_Localizable_ar.json */,
				0ACC76BCF7274ABA8DC2C36A /* pgm_Localizable_nl.json */,
				BC0272A92529485FAEA8B959 /* pgm_Localizable_pl.json */,
				EB2444CB24E144A990D4048B /* pgm_Localizable_da.json */,
				4A302721019F442F9229DC81 /* pgm_Localizable_vi.json */,
			);
			name = Resources;
			path = "Asambleas/Resources";
			sourceTree = "<group>";
		};
		29B97323FDCFA39411CA2CEA /* Frameworks */ = {
			isa = PBXGroup;
			children = (
				84FFDEF3060B4D43A5C7D16E /* WebKit.framework */,
				2477B3FDCCFF4D70A9CD65EE /* libz.tbd */,
				2D5162075DA5499D93F57EB8 /* GCDWebServer.framework */,
				21C5710B64874EE890F07E47 /* libz.dylib */,
				D1E354A18F184F219FCC7548 /* CFNetwork.framework */,
				A659BC98EA9549DD99FC5872 /* SystemConfiguration.framework */,
				8EED9DDFAAFC44D3A8FC6A11 /* Security.framework */,
				99FD6506665B4D5584512FAE /* CoreLocation.framework */,
			);
			name = Frameworks;
			sourceTree = "<group>";
		};
		301BF52E109A57CC0062928A /* Products */ = {
			isa = PBXGroup;
			children = (
				301BF535109A57CC0062928A /* libCordova.a */,
			);
			name = Products;
			sourceTree = "<group>";
		};
		3047A50E1AB8057F00498E2A /* config */ = {
			isa = PBXGroup;
			children = (
				3047A50F1AB8059700498E2A /* build-debug.xcconfig */,
				3047A5101AB8059700498E2A /* build-release.xcconfig */,
				3047A5111AB8059700498E2A /* build.xcconfig */,
			);
			name = config;
			sourceTree = "<group>";
		};
		307C750510C5A3420062BCA9 /* Plugins */ = {
			isa = PBXGroup;
			children = (
				58AF711435044628B9FA9209 /* CDVWKWebViewEngine.m */,
				DE924951D76C482291DC95E9 /* CDVWKWebViewUIDelegate.m */,
				865B03E376FF4E2C9C9BBCED /* CDVWKProcessPoolFactory.m */,
				B206F8CADFE14C08930E816E /* GCDWebServer.m */,
				CB8B2A82573D47979A3196C4 /* GCDWebServerConnection.m */,
				8B4DD37DB5F344B89A4AAABB /* GCDWebServerFunctions.m */,
				2BB0FC9CA8E74571822CAF3D /* GCDWebServerRequest.m */,
				0137B9B377FF4BCAB2AEDF0F /* GCDWebServerResponse.m */,
				54ECFC5222734ECF99C27604 /* GCDWebServerDataRequest.m */,
				71A669784706494FB05E3993 /* GCDWebServerFileRequest.m */,
				C3F8B0CB35E24A2CB8479E97 /* GCDWebServerMultiPartFormRequest.m */,
				850BAD91218B4D62A654C221 /* GCDWebServerURLEncodedFormRequest.m */,
				EC1EA70D86A3484EA1F6CA53 /* GCDWebServerDataResponse.m */,
				8F74F73A99D04B6D8E287937 /* GCDWebServerErrorResponse.m */,
				EFD86E9AE6614CA8BD49DA0C /* GCDWebServerFileResponse.m */,
				B195C88750FC442F8BBFB2AA /* GCDWebServerStreamedResponse.m */,
				4B86DA54EE324A7EBC797D58 /* CDVWKWebViewEngine.h */,
				D8565CD64E594A4586FDA9E9 /* CDVWKWebViewUIDelegate.h */,
				945301A81A66431C97E85FC0 /* CDVWKProcessPoolFactory.h */,
				0AD4EDA5657A488FA518A5BA /* GCDWebServer.h */,
				F1FB0DF5C1E74B0CA03D9FC1 /* GCDWebServerConnection.h */,
				7189E703E1214711A4FCF868 /* GCDWebServerFunctions.h */,
				A427E3CF29CD488085D1F5C7 /* GCDWebServerHTTPStatusCodes.h */,
				4B1A25E03054414CB38205E1 /* GCDWebServerPrivate.h */,
				6A94A2D7C3864628A16931D6 /* GCDWebServerRequest.h */,
				75105A00B02F478DB8561A23 /* GCDWebServerResponse.h */,
				D3EE3CFB4B1A4BEEB2DD97F7 /* GCDWebServerDataRequest.h */,
				D6973BF91C194774A8E8EBC4 /* GCDWebServerFileRequest.h */,
				34215704BFF4460BA54BC8B3 /* GCDWebServerMultiPartFormRequest.h */,
				CFAA6221E9324F8C90E76701 /* GCDWebServerURLEncodedFormRequest.h */,
				8D622FD20AB04DF6ADB719C5 /* GCDWebServerDataResponse.h */,
				F1B652F7801C4E74A3A256C6 /* GCDWebServerErrorResponse.h */,
				A250DA4BB2A8464583CB5D86 /* GCDWebServerFileResponse.h */,
				370B31FB1F8C4CF188716EB0 /* GCDWebServerStreamedResponse.h */,
				2615CA63DD6745639455D10B /* CDVDevice.m */,
				BE0F57F1A9DC4072BDF2193E /* CDVDevice.h */,
				1FD384AC9CCA4EB98B872D9D /* IonicKeyboard.m */,
				1371EB9DF390412E8913A559 /* IonicKeyboard.h */,
				C0047644BCA14C709585BB62 /* CDVSplashScreen.m */,
				EBFD11C779AF438398FB22F8 /* CDVViewController+SplashScreen.m */,
				8289905641F248D9BC9F0FCA /* CDVSplashScreen.h */,
				FBB07C4A16914CBF9A7F18FA /* CDVViewController+SplashScreen.h */,
				51E25CAD682B46FE971C327A /* MyMainViewController.m */,
				207EF0A43C114235B2613C70 /* AppDelegate+WKWebViewPolyfill.m */,
				37C4810FDB9143BFA3169BCB /* ReroutingUIWebView.m */,
				817CEDCADE124F32A4381C0F /* CDVWebViewOperationsDelegate.m */,
				E2DA778A33E44FE786ABAF5E /* CDVWebViewUIDelegate.m */,
				B9AB487B8C7F4B4BBE854A55 /* MyMainViewController.h */,
				34417A79515F447CA9165DC3 /* AppDelegate+WKWebViewPolyfill.h */,
				992CB19F9BA84B9B8B606A70 /* ReroutingUIWebView.h */,
				1CDB0F172AF24FFCBF8684BE /* CDVWebViewOperationsDelegate.h */,
				2A937C39A75D496D911186E5 /* CDVWebViewUIDelegate.h */,
				6FD9A6535BCD4DA2B73DF267 /* CDVFile.m */,
				97BC54D03B4B4E84A7447086 /* CDVLocalFilesystem.m */,
				1A4454B1C689439C89050A77 /* CDVAssetLibraryFilesystem.m */,
				CFDF20F20F5949BAAD76027E /* CDVFile.h */,
				54CE9944C9C945CB819AB53E /* CDVLocalFilesystem.h */,
				681E4C82D4FD4F8B9F09EF61 /* CDVAssetLibraryFilesystem.h */,
				72DBBACE27014F1DAEA04F44 /* CordovaHttpPlugin.m */,
				550CDC0DBF634E298E7B7CE5 /* TextResponseSerializer.m */,
				8E20B7BF554F4DBCB16201CE /* TextRequestSerializer.m */,
				B3CAE8D475814D57BC627910 /* AFHTTPSessionManager.m */,
				CB00207806A64908800E29F6 /* AFNetworkReachabilityManager.m */,
				26FC136878C544E88F5257BB /* AFSecurityPolicy.m */,
				95D0D07A0F454CBC965C42B3 /* AFURLRequestSerialization.m */,
				CFE100DFACB24B918021A0D8 /* AFURLResponseSerialization.m */,
				BDC100245C374004B24D1C10 /* AFURLSessionManager.m */,
				0C690874A3364BC0A1CB09B9 /* SDNetworkActivityIndicator.m */,
				6C9C32468CA14554B569E465 /* CordovaHttpPlugin.h */,
				E9424EF4C8CA454B997F9022 /* TextResponseSerializer.h */,
				86619249CDFE447CA0F9264F /* TextRequestSerializer.h */,
				970E0D1ADC2B4B38BC56D216 /* AFHTTPSessionManager.h */,
				CF96456D58B6438D938D72FC /* AFNetworking.h */,
				02365E55F0CA4304840B40A2 /* AFNetworkReachabilityManager.h */,
				20E6745CCCD14AFF81D35735 /* AFSecurityPolicy.h */,
				ECD9AF09BFE3444DA4F870B1 /* AFURLRequestSerialization.h */,
				DEA1E75DD78C4CE3BCB7B824 /* AFURLResponseSerialization.h */,
				0E94DD4CF44E42338B7483AC /* AFURLSessionManager.h */,
				F6EE10B7201B4C6FB4A4A6B9 /* SDNetworkActivityIndicator.h */,
				1B2D90C6AA6248CCB3D6E845 /* CDVStatusBar.m */,
				211BF05D2FB840DB857F9ADF /* CDVStatusBar.h */,
				AC6B0B47FB334C41905BACD7 /* PluginObjects.m */,
				D21B0D4532BE4F6DB42572E0 /* PluginCircle.m */,
				E735B46B99E347C2B2A0C5DE /* PluginGeocoder.m */,
				ACBC6D1EABD44BB89EF0792F /* PluginLocationService.m */,
				15B273550EC546189E8910DE /* PluginEnvironment.m */,
				32498E6C159A46C0833E3534 /* CordovaGoogleMaps.m */,
				A53A69013CBC4BD9A3275868 /* PluginMapViewController.m */,
				38E7910BFEFC4A63AC675FA6 /* PluginGroundOverlay.m */,
				4C4E3D3BD0CE4CC187726853 /* PluginKmlOverlay.m */,
				D3F4CB84D2C644B7935CD502 /* PluginMap.m */,
				0E774150596F424A9076338D /* PluginMarker.m */,
				0AC01BF648F3411BAD96F364 /* PluginUtil.m */,
				21A6ADB8FFBC4F2E8BAEB90B /* PluginPolygon.m */,
				F681EB6D7EF74E3DABCF3504 /* PluginPolyline.m */,
				D7D706370B84454BA0C4F833 /* PluginTileProvider.m */,
				88A363000A954B7CA352555F /* TBXML.m */,
				C0B8056F2D364455AB836F36 /* PluginTileOverlay.m */,
				7666273091684821A962E0ED /* NSData+Base64.m */,
				6F785531D4D742C38E9E97A8 /* GMSCoordinateBounds+Geometry.m */,
				C63112557B5941DB8990FA28 /* MyPluginLayer.m */,
				E35A8440797D4734ADDF68D3 /* MyPluginScrollView.m */,
				7FC4B8A827144F9D90E798DE /* PluginMarkerCluster.m */,
				A979C91B8E06429EA2238A86 /* UIImageCache.m */,
				2CAE1618DA6B4FC8A5007E08 /* PluginStreetViewPanorama.m */,
				84582F54B11649EEA598B07C /* PluginStreetViewPanoramaController.m */,
				20EAFC8DC4944D5E9D1F0182 /* PluginViewController.m */,
				A75DFE65E8B046019C01BBCE /* PluginObjects.h */,
				A275725F3F874C4FBA8F6A0A /* PluginCircle.h */,
				D4ECCD6F4E9544F0BE95A642 /* PluginGeocoder.h */,
				01DC230C19CF4BC7BF53C462 /* PluginLocationService.h */,
				830E11DF04314BA9A338928D /* PluginEnvironment.h */,
				B7349AB4EE7840CDA0BDDF03 /* CordovaGoogleMaps.h */,
				6D28E2ED0AB0461B9BECCD84 /* PluginMapViewController.h */,
				01E602FCE18847EDA187D662 /* PluginGroundOverlay.h */,
				7CB438788F4F4722A2732B1A /* PluginKmlOverlay.h */,
				C8D3BCAD0FCE4778969F3BAC /* PluginMap.h */,
				05D50B0F586141C59C52E4D0 /* PluginMarker.h */,
				C8F258A4DB2E44E4AF5C1C31 /* PluginUtil.h */,
				8247F511DD274444A20A3BBE /* PluginPolygon.h */,
				8DAEA51D273A4C1B974D8FE6 /* PluginPolyline.h */,
				2B557804535646E880F9F674 /* PluginTileProvider.h */,
				944E591FFC304A0DB3CAEC3A /* TBXML.h */,
				C5DE7AF6854D445FB902A7D1 /* PluginTileOverlay.h */,
				704D4BADFB5C4A54928DC4AE /* NSData+Base64.h */,
				51885AA9FF3349D0A0F2C9CD /* NSData+Base64.podspec */,
				87209A95BF1643328493B27B /* GMSCoordinateBounds+Geometry.h */,
				B6EE2E9894D248178FD27252 /* MyPluginLayer.h */,
				331576CC075B4F37BCB5AF82 /* MyPluginScrollView.h */,
				5DCA20B45DBC42C398441EE4 /* PluginMarkerCluster.h */,
				AFC8C327832C4258A63B125F /* UIImageCache.h */,
				3E88564B3F2C412D805B6D60 /* PluginStreetViewPanorama.h */,
				BECC3028E05B488A9E7F3766 /* PluginStreetViewPanoramaController.h */,
				C56F80F744E7480390E358B9 /* PluginViewController.h */,
				0DA45E1343EC499097415C9A /* IPluginView.h */,
				DD9EFF04A8C04EDEB0E4C757 /* IPluginProtocol.h */,
				2BB97D08E0B54FF788345FAC /* CDVLocation.m */,
				E11F171337D2481A8E1E4201 /* CDVLocation.h */,
			);
			name = Plugins;
			path = "Asambleas/Plugins";
			sourceTree = SOURCE_ROOT;
		};
		EB87FDF11871DA420020F90C /* Staging */ = {
			isa = PBXGroup;
			children = (
				F840E1F0165FE0F500CFE078 /* config.xml */,
				301BF56E109A69640062928A /* www */,
			);
			name = Staging;
			sourceTree = "<group>";
		};
/* End PBXGroup section */

/* Begin PBXNativeTarget section */
		1D6058900D05DD3D006BFB54 /* Asambleas */ = {
			isa = PBXNativeTarget;
			buildConfigurationList = 1D6058960D05DD3E006BFB54 /* Build configuration list for PBXNativeTarget "Asambleas" */;
			buildPhases = (
				304B58A110DAC018002A0835 /* Copy www directory */,
				1D60588D0D05DD3D006BFB54 /* Resources */,
				1D60588E0D05DD3D006BFB54 /* Sources */,
				1D60588F0D05DD3D006BFB54 /* Frameworks */,
			);
			buildRules = (
			);
			dependencies = (
				301BF551109A68C00062928A /* PBXTargetDependency */,
			);
			name = "Asambleas";
			productName = "Asambleas";
			productReference = 1D6058910D05DD3D006BFB54 /* Asambleas.app */;
			productType = "com.apple.product-type.application";
		};
/* End PBXNativeTarget section */

/* Begin PBXProject section */
		29B97313FDCFA39411CA2CEA /* Project object */ = {
			isa = PBXProject;
			attributes = {
				LastUpgradeCheck = 510;
			};
			buildConfigurationList = C01FCF4E08A954540054247B /* Build configuration list for PBXProject "__NON-CLI__" */;
			compatibilityVersion = "Xcode 3.2";
			developmentRegion = English;
			hasScannedForEncodings = 1;
			mainGroup = 29B97314FDCFA39411CA2CEA /* CustomTemplate */;
			projectDirPath = "";
			projectReferences = (
				{
					ProductGroup = 301BF52E109A57CC0062928A /* Products */;
					ProjectRef = 301BF52D109A57CC0062928A /* CordovaLib.xcodeproj */;
				},
			);
			projectRoot = "";
			targets = (
				1D6058900D05DD3D006BFB54 /* Asambleas */,
			);
		};
/* End PBXProject section */

/* Begin PBXReferenceProxy section */
		301BF535109A57CC0062928A /* libCordova.a */ = {
			isa = PBXReferenceProxy;
			fileType = archive.ar;
			path = libCordova.a;
			remoteRef = 301BF534109A57CC0062928A /* PBXContainerItemProxy */;
			sourceTree = BUILT_PRODUCTS_DIR;
		};
/* End PBXReferenceProxy section */

/* Begin PBXResourcesBuildPhase section */
		1D60588D0D05DD3D006BFB54 /* Resources */ = {
			isa = PBXResourcesBuildPhase;
			buildActionMask = 2147483647;
			files = (
				302D95F214D2391D003F00A1 /* MainViewController.xib in Resources */,
				0207DA581B56EA530066E2B4 /* Images.xcassets in Resources */,
				6AFF5BF91D6E424B00AB3073 /* CDVLaunchScreen.storyboard in Resources */,
				3ACA1105380E4E7998CB6506 /* pgm_Localizable_en.json in Resources */,
				EAAFD5C5C3344BF1B36A1579 /* pgm_Localizable_ja.json in Resources */,
				17791471BDC04EF8BA309FD9 /* pgm_Localizable_ru.json in Resources */,
				2AB617091C59406293DCE510 /* pgm_Localizable_uk.json in Resources */,
				352377E42ED149A19534C29D /* pgm_Localizable_pt-BR.json in Resources */,
				89A9220E42894FDC89A56A16 /* pgm_Localizable_de.json in Resources */,
				20E337EA75C94B879D602C7E /* pgm_Localizable_fr.json in Resources */,
				E024ABFA82C44930A80A471E /* pgm_Localizable_hi.json in Resources */,
				18E793D7DAE94BE5B9ABB2FE /* pgm_Localizable_ar.json in Resources */,
				99FFCE43B97F46769443A5E6 /* pgm_Localizable_nl.json in Resources */,
				A78329C7112A4E87902DF464 /* pgm_Localizable_pl.json in Resources */,
				128C3CC414054909A7E4B226 /* pgm_Localizable_da.json in Resources */,
				19339A1AF7374C3687605DEA /* pgm_Localizable_vi.json in Resources */,
			);
			runOnlyForDeploymentPostprocessing = 0;
		};
/* End PBXResourcesBuildPhase section */

/* Begin PBXShellScriptBuildPhase section */
		304B58A110DAC018002A0835 /* Copy www directory */ = {
			isa = PBXShellScriptBuildPhase;
			buildActionMask = 2147483647;
			files = (
			);
			inputPaths = (
			);
			name = "Copy www directory";
			outputPaths = (
			);
			runOnlyForDeploymentPostprocessing = 0;
			shellPath = /bin/sh;
			shellScript = "NODEJS_PATH=/usr/local/bin; NVM_NODE_PATH=~/.nvm/versions/node/`nvm version 2>/dev/null`/bin; N_NODE_PATH=`find /usr/local/n/versions/node/* -maxdepth 0 -type d 2>/dev/null | tail -1`/bin; XCODE_NODE_PATH=`xcode-select --print-path`/usr/share/xcs/Node/bin; PATH=$NODEJS_PATH:$NVM_NODE_PATH:$N_NODE_PATH:$XCODE_NODE_PATH:$PATH && node cordova/lib/copy-www-build-step.js";
			showEnvVarsInLog = 0;
		};
/* End PBXShellScriptBuildPhase section */

/* Begin PBXSourcesBuildPhase section */
		1D60588E0D05DD3D006BFB54 /* Sources */ = {
			isa = PBXSourcesBuildPhase;
			buildActionMask = 2147483647;
			files = (
				1D60589B0D05DD56006BFB54 /* main.m in Sources */,
				1D3623260D0F684500981E51 /* AppDelegate.m in Sources */,
				302D95F114D2391D003F00A1 /* MainViewController.m in Sources */,
				DBF02743B060403B8F919C29 /* CDVWKWebViewEngine.m in Sources */,
				A87A22CF235947EE96DBB01D /* CDVWKWebViewUIDelegate.m in Sources */,
				92E504112FD54CD3A752A05A /* CDVWKProcessPoolFactory.m in Sources */,
				D22F6A61B43143BD962B1305 /* GCDWebServer.m in Sources */,
				AAC94BA7C3AC4AE3B14617BD /* GCDWebServerConnection.m in Sources */,
				8FAE97C033BC4454845B21AF /* GCDWebServerFunctions.m in Sources */,
				6DAF38EFEA2A4645927A56E6 /* GCDWebServerRequest.m in Sources */,
				320B7B170CD841829D65119E /* GCDWebServerResponse.m in Sources */,
				5A7006041B4E46BBB1C67015 /* GCDWebServerDataRequest.m in Sources */,
				1F015262CC714327BAF6103E /* GCDWebServerFileRequest.m in Sources */,
				2F285861FC3544929F62132C /* GCDWebServerMultiPartFormRequest.m in Sources */,
				27A9660D70C6416B824E83B3 /* GCDWebServerURLEncodedFormRequest.m in Sources */,
				5597061444394ED19F2260F2 /* GCDWebServerDataResponse.m in Sources */,
				509C885623B54CBABCDCD632 /* GCDWebServerErrorResponse.m in Sources */,
				AE0092214C384CF9962CE4FF /* GCDWebServerFileResponse.m in Sources */,
				34F8D8D404864DAFB50A00A7 /* GCDWebServerStreamedResponse.m in Sources */,
				C6303EF44335404B97089826 /* CDVDevice.m in Sources */,
				C889BD5ABC4A48259242878C /* IonicKeyboard.m in Sources */,
				D32BF76966C9402BA2828A2E /* CDVSplashScreen.m in Sources */,
				960FF4F3614C4A0B95DA01D2 /* CDVViewController+SplashScreen.m in Sources */,
				BFFA7216C5CD4AFA89AE8646 /* MyMainViewController.m in Sources */,
				9727EA6A1F1E4A69AA479579 /* AppDelegate+WKWebViewPolyfill.m in Sources */,
				BBB169D11CF4407C9646F776 /* ReroutingUIWebView.m in Sources */,
				1E5B76C328A7425EA21EE30B /* CDVWebViewOperationsDelegate.m in Sources */,
				1800C65051DB43828E74DB08 /* CDVWebViewUIDelegate.m in Sources */,
				CCFE42BE98D849258109C9EF /* CDVFile.m in Sources */,
				D1B39889277C4E2AB9601D79 /* CDVLocalFilesystem.m in Sources */,
				16273410C7384A6CA70F77E5 /* CDVAssetLibraryFilesystem.m in Sources */,
				D5B0DDA5944C423EB7A159A4 /* CordovaHttpPlugin.m in Sources */,
				696EEE0326CC453C89399A3A /* TextResponseSerializer.m in Sources */,
				2C08CE51BF504B9FA2C9E3B1 /* TextRequestSerializer.m in Sources */,
				9FFE348445534223A7888637 /* AFHTTPSessionManager.m in Sources */,
				805AB63204BE4D9381B6CC48 /* AFNetworkReachabilityManager.m in Sources */,
				0CBD2D4CB61644D2B22C8A80 /* AFSecurityPolicy.m in Sources */,
				A4B1DB7CB4E44671AAD4A080 /* AFURLRequestSerialization.m in Sources */,
				6CDEED7BF89448C38069D560 /* AFURLResponseSerialization.m in Sources */,
				0CA165602BD94B9F917143D4 /* AFURLSessionManager.m in Sources */,
				040D864510AD4ACF9BF225F4 /* SDNetworkActivityIndicator.m in Sources */,
				211981EFF8F845729D0BF4BD /* CDVStatusBar.m in Sources */,
				EFA764169EB3481BB3B46B0E /* PluginObjects.m in Sources */,
				CD8C5A37BB0E40E998811D47 /* PluginCircle.m in Sources */,
				65DF06E24F3E40EB8BAFF0CB /* PluginGeocoder.m in Sources */,
				E51F432B2C61496DB5719ED1 /* PluginLocationService.m in Sources */,
				42D5729E64A544E8B2589B06 /* PluginEnvironment.m in Sources */,
				22033C4FD2BC4A45A3F69AE7 /* CordovaGoogleMaps.m in Sources */,
				E6907DCFC068482DBDDF5474 /* PluginMapViewController.m in Sources */,
				E35EF5B127E5454CBD1E2946 /* PluginGroundOverlay.m in Sources */,
				BF37729231D544A8909D2119 /* PluginKmlOverlay.m in Sources */,
				78A63CD9E27244B88A252E84 /* PluginMap.m in Sources */,
				FF616A171D8345FFA45E0ACC /* PluginMarker.m in Sources */,
				9A56155EBA8942FDAD3E8D35 /* PluginUtil.m in Sources */,
				1372EA2D8C804C9980EA3D34 /* PluginPolygon.m in Sources */,
				EA45116094034E1BBEF2F02C /* PluginPolyline.m in Sources */,
				139BBD7979A2446B88B04A07 /* PluginTileProvider.m in Sources */,
				2ADF70847D414BF382D000F5 /* TBXML.m in Sources */,
				EBA16CE105554EE7A0BD7E57 /* PluginTileOverlay.m in Sources */,
				0BEAC1EFB7DB479C8E4A316E /* NSData+Base64.m in Sources */,
				E9163FC14CE54E74B0A5B63E /* GMSCoordinateBounds+Geometry.m in Sources */,
				54BE86D90BF442C9B256D758 /* MyPluginLayer.m in Sources */,
				3170522AD22C46EBA101A769 /* MyPluginScrollView.m in Sources */,
				94DBFD2DC17641BAAFE4B73D /* PluginMarkerCluster.m in Sources */,
				0A4108FA121D411FA432F06E /* UIImageCache.m in Sources */,
				98A4B183216E4E92AE628A6C /* PluginStreetViewPanorama.m in Sources */,
				ADE4A20862654A62B4350260 /* PluginStreetViewPanoramaController.m in Sources */,
				76ED769C448B4380A2144526 /* PluginViewController.m in Sources */,
				3381AC82A3D2472DA3A90EE1 /* CDVLocation.m in Sources */,
			);
			runOnlyForDeploymentPostprocessing = 0;
		};
/* End PBXSourcesBuildPhase section */

/* Begin PBXTargetDependency section */
		301BF551109A68C00062928A /* PBXTargetDependency */ = {
			isa = PBXTargetDependency;
			name = CordovaLib;
			targetProxy = 301BF550109A68C00062928A /* PBXContainerItemProxy */;
		};
/* End PBXTargetDependency section */

/* Begin XCBuildConfiguration section */
		1D6058940D05DD3E006BFB54 /* Debug */ = {
			isa = XCBuildConfiguration;
			baseConfigurationReference = 3047A50F1AB8059700498E2A /* build-debug.xcconfig */;
			buildSettings = {
				ALWAYS_SEARCH_USER_PATHS = NO;
				ASSETCATALOG_COMPILER_APPICON_NAME = AppIcon;
				ASSETCATALOG_COMPILER_LAUNCHIMAGE_NAME = LaunchImage;
				CLANG_ENABLE_MODULES = YES;
				CLANG_ENABLE_OBJC_ARC = YES;
				COPY_PHASE_STRIP = NO;
				GCC_DYNAMIC_NO_PIC = NO;
				GCC_OPTIMIZATION_LEVEL = 0;
				GCC_PRECOMPILE_PREFIX_HEADER = YES;
				GCC_PREFIX_HEADER = "Asambleas/Asambleas-Prefix.pch";
				GCC_THUMB_SUPPORT = NO;
				GCC_VERSION = "";
				INFOPLIST_FILE = "Asambleas/Asambleas-Info.plist";
				IPHONEOS_DEPLOYMENT_TARGET = 9.0;
				LD_RUNPATH_SEARCH_PATHS = "@executable_path/Frameworks";
				TARGETED_DEVICE_FAMILY = "1,2";
				PRODUCT_NAME = "Asambleas";
				FRAMEWORK_SEARCH_PATHS = (
					"$(inherited)",
					"\"Asambleas/Plugins/cordova-plugin-webserver\"",
				);
			};
			name = Debug;
		};
		1D6058950D05DD3E006BFB54 /* Release */ = {
			isa = XCBuildConfiguration;
			baseConfigurationReference = 3047A5101AB8059700498E2A /* build-release.xcconfig */;
			buildSettings = {
				ALWAYS_SEARCH_USER_PATHS = NO;
				ASSETCATALOG_COMPILER_APPICON_NAME = AppIcon;
				ASSETCATALOG_COMPILER_LAUNCHIMAGE_NAME = LaunchImage;
				CLANG_ENABLE_MODULES = YES;
				CLANG_ENABLE_OBJC_ARC = YES;
				COPY_PHASE_STRIP = YES;
				GCC_PRECOMPILE_PREFIX_HEADER = YES;
				GCC_PREFIX_HEADER = "Asambleas/Asambleas-Prefix.pch";
				GCC_THUMB_SUPPORT = NO;
				GCC_VERSION = "";
				INFOPLIST_FILE = "Asambleas/Asambleas-Info.plist";
				IPHONEOS_DEPLOYMENT_TARGET = 9.0;
				LD_RUNPATH_SEARCH_PATHS = "@executable_path/Frameworks";
				TARGETED_DEVICE_FAMILY = "1,2";
				PRODUCT_NAME = "Asambleas";
				FRAMEWORK_SEARCH_PATHS = (
					"$(inherited)",
					"\"Asambleas/Plugins/cordova-plugin-webserver\"",
				);
			};
			name = Release;
		};
		C01FCF4F08A954540054247B /* Debug */ = {
			isa = XCBuildConfiguration;
			baseConfigurationReference = 3047A5111AB8059700498E2A /* build.xcconfig */;
			buildSettings = {
				CLANG_ENABLE_MODULES = YES;
				CLANG_ENABLE_OBJC_ARC = YES;
				CLANG_WARN_BOOL_CONVERSION = YES;
				CLANG_WARN_CONSTANT_CONVERSION = YES;
				CLANG_WARN_EMPTY_BODY = YES;
				CLANG_WARN_ENUM_CONVERSION = YES;
				CLANG_WARN_INT_CONVERSION = YES;
				CLANG_WARN__DUPLICATE_METHOD_MATCH = YES;
				GCC_C_LANGUAGE_STANDARD = c99;
				GCC_THUMB_SUPPORT = NO;
				GCC_VERSION = "";
				GCC_WARN_ABOUT_RETURN_TYPE = YES;
				GCC_WARN_UNDECLARED_SELECTOR = YES;
				GCC_WARN_UNINITIALIZED_AUTOS = YES;
				GCC_WARN_UNUSED_FUNCTION = YES;
				GCC_WARN_UNUSED_VARIABLE = YES;
				ONLY_ACTIVE_ARCH = YES;
				SDKROOT = iphoneos;
				SKIP_INSTALL = NO;
			};
			name = Debug;
		};
		C01FCF5008A954540054247B /* Release */ = {
			isa = XCBuildConfiguration;
			baseConfigurationReference = 3047A5111AB8059700498E2A /* build.xcconfig */;
			buildSettings = {
				CLANG_ENABLE_MODULES = YES;
				CLANG_ENABLE_OBJC_ARC = YES;
				CLANG_WARN_BOOL_CONVERSION = YES;
				CLANG_WARN_CONSTANT_CONVERSION = YES;
				CLANG_WARN_EMPTY_BODY = YES;
				CLANG_WARN_ENUM_CONVERSION = YES;
				CLANG_WARN_INT_CONVERSION = YES;
				CLANG_WARN__DUPLICATE_METHOD_MATCH = YES;
				GCC_C_LANGUAGE_STANDARD = c99;
				GCC_THUMB_SUPPORT = NO;
				GCC_VERSION = "";
				GCC_WARN_ABOUT_RETURN_TYPE = YES;
				GCC_WARN_UNDECLARED_SELECTOR = YES;
				GCC_WARN_UNINITIALIZED_AUTOS = YES;
				GCC_WARN_UNUSED_FUNCTION = YES;
				GCC_WARN_UNUSED_VARIABLE = YES;
				SDKROOT = iphoneos;
				SKIP_INSTALL = NO;
			};
			name = Release;
		};
/* End XCBuildConfiguration section */

/* Begin XCConfigurationList section */
		1D6058960D05DD3E006BFB54 /* Build configuration list for PBXNativeTarget "Asambleas" */ = {
			isa = XCConfigurationList;
			buildConfigurations = (
				1D6058940D05DD3E006BFB54 /* Debug */,
				1D6058950D05DD3E006BFB54 /* Release */,
			);
			defaultConfigurationIsVisible = 0;
			defaultConfigurationName = Release;
		};
		C01FCF4E08A954540054247B /* Build configuration list for PBXProject "__NON-CLI__" */ = {
			isa = XCConfigurationList;
			buildConfigurations = (
				C01FCF4F08A954540054247B /* Debug */,
				C01FCF5008A954540054247B /* Release */,
			);
			defaultConfigurationIsVisible = 0;
			defaultConfigurationName = Release;
		};
/* End XCConfigurationList section */
	};
	rootObject = 29B97313FDCFA39411CA2CEA /* Project object */;
}
